{
  "version": 4,
  "terraform_version": "1.7.4",
  "serial": 621,
  "lineage": "25552d3c-fbd9-1bc6-cfa7-a0d0b9a2a623",
  "outputs": {
    "N01605345_Rg_location": {
      "value": "ukwest",
      "type": "string"
    },
    "N01605345_Rg_name": {
      "value": "N01605345_Rg",
      "type": "string"
    },
    "N01605345_subnet": {
      "value": "N01605345_subnet",
      "type": "string"
    },
    "datadisk_name": {
      "value": [
        "datadisk-0",
        "datadisk-1",
        "datadisk-2",
        "datadisk-3"
      ],
      "type": [
        "tuple",
        [
          "string",
          "string",
          "string",
          "string"
        ]
      ]
    },
    "linux_private_ip_address": {
      "value": [
        "10.0.0.4",
        "10.0.0.5",
        "10.0.0.7"
      ],
      "type": [
        "tuple",
        [
          "string",
          "string",
          "string"
        ]
      ]
    },
    "linux_public_ip_address": {
      "value": [
        "20.162.98.193",
        "20.162.99.167",
        "20.162.99.131"
      ],
      "type": [
        "tuple",
        [
          "string",
          "string",
          "string"
        ]
      ]
    },
    "linux_vm_fqdn": {
      "value": [
        "n01605345-vm1.ukwest.cloudapp.azure.com",
        "n01605345-vm2.ukwest.cloudapp.azure.com",
        "n01605345-vm3.ukwest.cloudapp.azure.com"
      ],
      "type": [
        "tuple",
        [
          "string",
          "string",
          "string"
        ]
      ]
    },
    "linux_vm_hostname": {
      "value": [
        "n01605345-vm-1",
        "n01605345-vm-2",
        "n01605345-vm-3"
      ],
      "type": [
        "tuple",
        [
          "string",
          "string",
          "string"
        ]
      ]
    },
    "loadbalancer-name": {
      "value": "N01605345_lb",
      "type": "string"
    },
    "loadbalancer-public-ip": {
      "value": "20.162.101.181",
      "type": "string"
    },
    "log_analytics_workspace_name": {
      "value": "workspace5345",
      "type": "string"
    },
    "recovery_services_vault_name": {
      "value": "vault5345",
      "type": "string"
    },
    "storage_account-primary_blob_endpoint": {
      "value": "https://storage5345.blob.core.windows.net/",
      "type": "string"
    },
    "storage_account_name": {
      "value": "storage5345",
      "type": "string"
    },
    "subnet_id": {
      "value": "/subscriptions/ff585585-cedc-4bd2-9275-17f382d071e9/resourceGroups/N01605345_Rg/providers/Microsoft.Network/virtualNetworks/N01605345_vnet/subnets/N01605345_subnet",
      "type": "string"
    },
    "virtual_network_address_space": {
      "value": [
        "10.0.0.0/16"
      ],
      "type": [
        "list",
        "string"
      ]
    },
    "virtual_network_name": {
      "value": "N01605345_vnet",
      "type": "string"
    },
    "vmlinux-nic-ids": {
      "value": [
        "/subscriptions/ff585585-cedc-4bd2-9275-17f382d071e9/resourceGroups/N01605345_Rg/providers/Microsoft.Network/networkInterfaces/n01605345-vm-nic-1",
        "/subscriptions/ff585585-cedc-4bd2-9275-17f382d071e9/resourceGroups/N01605345_Rg/providers/Microsoft.Network/networkInterfaces/n01605345-vm-nic-2",
        "/subscriptions/ff585585-cedc-4bd2-9275-17f382d071e9/resourceGroups/N01605345_Rg/providers/Microsoft.Network/networkInterfaces/n01605345-vm-nic-3"
      ],
      "type": [
        "tuple",
        [
          "string",
          "string",
          "string"
        ]
      ]
    },
    "vmwindows-fqdn": {
      "value": [
        "dev-myapp-24-dn-1.ukwest.cloudapp.azure.com"
      ],
      "type": [
        "tuple",
        [
          "string"
        ]
      ]
    },
    "vmwindows-hostname": {
      "value": {
        "hostnames": [
          "5345-windows1"
        ],
        "ids": [
          "/subscriptions/ff585585-cedc-4bd2-9275-17f382d071e9/resourceGroups/N01605345_Rg/providers/Microsoft.Compute/virtualMachines/5345-windows1"
        ],
        "nic-ids": [
          "/subscriptions/ff585585-cedc-4bd2-9275-17f382d071e9/resourceGroups/N01605345_Rg/providers/Microsoft.Network/networkInterfaces/5345-windows-nic-1"
        ]
      },
      "type": [
        "object",
        {
          "hostnames": [
            "tuple",
            [
              "string"
            ]
          ],
          "ids": [
            "tuple",
            [
              "string"
            ]
          ],
          "nic-ids": [
            "tuple",
            [
              "string"
            ]
          ]
        }
      ]
    },
    "vmwindows-nic-ids": {
      "value": [
        "/subscriptions/ff585585-cedc-4bd2-9275-17f382d071e9/resourceGroups/N01605345_Rg/providers/Microsoft.Network/networkInterfaces/5345-windows-nic-1"
      ],
      "type": [
        "tuple",
        [
          "string"
        ]
      ]
    },
    "vmwindows-private-ip": {
      "value": [
        "10.0.0.6"
      ],
      "type": [
        "tuple",
        [
          "string"
        ]
      ]
    },
    "vmwindows-public-ip": {
      "value": [
        "20.162.102.142"
      ],
      "type": [
        "tuple",
        [
          "string"
        ]
      ]
    }
  },
  "resources": [
    {
      "module": "module.common_N01605345",
      "mode": "managed",
      "type": "azurerm_log_analytics_workspace",
      "name": "log_workspace",
      "provider": "provider[\"registry.terraform.io/hashicorp/azurerm\"]",
      "instances": [
        {
          "schema_version": 3,
          "attributes": {
            "allow_resource_only_permissions": true,
            "cmk_for_query_forced": false,
            "daily_quota_gb": -1,
            "data_collection_rule_id": "",
            "id": "/subscriptions/ff585585-cedc-4bd2-9275-17f382d071e9/resourceGroups/N01605345_Rg/providers/Microsoft.OperationalInsights/workspaces/workspace5345",
            "identity": [],
            "immediate_data_purge_on_30_days_enabled": false,
            "internet_ingestion_enabled": true,
            "internet_query_enabled": true,
            "local_authentication_disabled": false,
            "location": "ukwest",
            "name": "workspace5345",
            "primary_shared_key": "kbtAKmzPrKdVahos5hepuGiiBEe/WlGr5fq6MM3rYBYmL9aFyJx7MbrjIh0+imAWVzyqGxwh8fqEpzFrKhi+lQ==",
            "reservation_capacity_in_gb_per_day": null,
            "resource_group_name": "N01605345_Rg",
            "retention_in_days": 30,
            "secondary_shared_key": "SJ1gmo53GWEIfsQzJ9Qv/CIStObGxSNBjr2yY31LUKH4ocKsg3zSQFnf7Y8M2r41ewemuJI8jZMN1CF1zwqfjQ==",
            "sku": "PerGB2018",
            "tags": {
              "Assignment": "CCGC 5502 Automation Assignment",
              "Environment": "Learning",
              "ExpirationDate": "2024-12-31",
              "Name": "Balaudaykiran.Nerella"
            },
            "timeouts": null,
            "workspace_id": "e8ccd9e6-3c55-4dbb-b289-a1c0d149653a"
          },
          "sensitive_attributes": [],
          "private": "eyJlMmJmYjczMC1lY2FhLTExZTYtOGY4OC0zNDM2M2JjN2M0YzAiOnsiY3JlYXRlIjoxODAwMDAwMDAwMDAwLCJkZWxldGUiOjE4MDAwMDAwMDAwMDAsInJlYWQiOjMwMDAwMDAwMDAwMCwidXBkYXRlIjoxODAwMDAwMDAwMDAwfSwic2NoZW1hX3ZlcnNpb24iOiIzIn0=",
          "dependencies": [
            "module.rgroup_N01605345.azurerm_resource_group.N01605345_Rg"
          ]
        }
      ]
    },
    {
      "module": "module.common_N01605345",
      "mode": "managed",
      "type": "azurerm_recovery_services_vault",
      "name": "recovery_vault",
      "provider": "provider[\"registry.terraform.io/hashicorp/azurerm\"]",
      "instances": [
        {
          "schema_version": 0,
          "attributes": {
            "classic_vmware_replication_enabled": null,
            "cross_region_restore_enabled": false,
            "encryption": [],
            "id": "/subscriptions/ff585585-cedc-4bd2-9275-17f382d071e9/resourceGroups/N01605345_Rg/providers/Microsoft.RecoveryServices/vaults/vault5345",
            "identity": [],
            "immutability": null,
            "location": "ukwest",
            "monitoring": [],
            "name": "vault5345",
            "public_network_access_enabled": true,
            "resource_group_name": "N01605345_Rg",
            "sku": "Standard",
            "soft_delete_enabled": true,
            "storage_mode_type": "GeoRedundant",
            "tags": {
              "Assignment": "CCGC 5502 Automation Assignment",
              "Environment": "Learning",
              "ExpirationDate": "2024-12-31",
              "Name": "Balaudaykiran.Nerella"
            },
            "timeouts": null
          },
          "sensitive_attributes": [],
          "private": "eyJlMmJmYjczMC1lY2FhLTExZTYtOGY4OC0zNDM2M2JjN2M0YzAiOnsiY3JlYXRlIjo3MjAwMDAwMDAwMDAwLCJkZWxldGUiOjE4MDAwMDAwMDAwMDAsInJlYWQiOjMwMDAwMDAwMDAwMCwidXBkYXRlIjozNjAwMDAwMDAwMDAwfX0=",
          "dependencies": [
            "module.rgroup_N01605345.azurerm_resource_group.N01605345_Rg"
          ]
        }
      ]
    },
    {
      "module": "module.common_N01605345",
      "mode": "managed",
      "type": "azurerm_storage_account",
      "name": "storage_account",
      "provider": "provider[\"registry.terraform.io/hashicorp/azurerm\"]",
      "instances": [
        {
          "schema_version": 4,
          "attributes": {
            "access_tier": "Hot",
            "account_kind": "StorageV2",
            "account_replication_type": "LRS",
            "account_tier": "Standard",
            "allow_nested_items_to_be_public": true,
            "allowed_copy_scope": "",
            "azure_files_authentication": [],
            "blob_properties": [
              {
                "change_feed_enabled": false,
                "change_feed_retention_in_days": 0,
                "container_delete_retention_policy": [],
                "cors_rule": [],
                "default_service_version": "",
                "delete_retention_policy": [],
                "last_access_time_enabled": false,
                "restore_policy": [],
                "versioning_enabled": false
              }
            ],
            "cross_tenant_replication_enabled": true,
            "custom_domain": [],
            "customer_managed_key": [],
            "default_to_oauth_authentication": false,
            "edge_zone": "",
            "enable_https_traffic_only": true,
            "id": "/subscriptions/ff585585-cedc-4bd2-9275-17f382d071e9/resourceGroups/N01605345_Rg/providers/Microsoft.Storage/storageAccounts/storage5345",
            "identity": [],
            "immutability_policy": [],
            "infrastructure_encryption_enabled": false,
            "is_hns_enabled": false,
            "large_file_share_enabled": null,
            "local_user_enabled": true,
            "location": "ukwest",
            "min_tls_version": "TLS1_2",
            "name": "storage5345",
            "network_rules": [
              {
                "bypass": [
                  "AzureServices"
                ],
                "default_action": "Allow",
                "ip_rules": [],
                "private_link_access": [],
                "virtual_network_subnet_ids": []
              }
            ],
            "nfsv3_enabled": false,
            "primary_access_key": "yLV77EebYmA4JEE29uLZ9x5PkmAD04sTv3VuLybko5EoZ5MV0vG5iWfdvgMT9F+JmrE6SZsjDRMv+AStr+vyxQ==",
            "primary_blob_connection_string": "DefaultEndpointsProtocol=https;BlobEndpoint=https://storage5345.blob.core.windows.net/;AccountName=storage5345;AccountKey=yLV77EebYmA4JEE29uLZ9x5PkmAD04sTv3VuLybko5EoZ5MV0vG5iWfdvgMT9F+JmrE6SZsjDRMv+AStr+vyxQ==",
            "primary_blob_endpoint": "https://storage5345.blob.core.windows.net/",
            "primary_blob_host": "storage5345.blob.core.windows.net",
            "primary_blob_internet_endpoint": "",
            "primary_blob_internet_host": "",
            "primary_blob_microsoft_endpoint": "",
            "primary_blob_microsoft_host": "",
            "primary_connection_string": "DefaultEndpointsProtocol=https;AccountName=storage5345;AccountKey=yLV77EebYmA4JEE29uLZ9x5PkmAD04sTv3VuLybko5EoZ5MV0vG5iWfdvgMT9F+JmrE6SZsjDRMv+AStr+vyxQ==;EndpointSuffix=core.windows.net",
            "primary_dfs_endpoint": "https://storage5345.dfs.core.windows.net/",
            "primary_dfs_host": "storage5345.dfs.core.windows.net",
            "primary_dfs_internet_endpoint": "",
            "primary_dfs_internet_host": "",
            "primary_dfs_microsoft_endpoint": "",
            "primary_dfs_microsoft_host": "",
            "primary_file_endpoint": "https://storage5345.file.core.windows.net/",
            "primary_file_host": "storage5345.file.core.windows.net",
            "primary_file_internet_endpoint": "",
            "primary_file_internet_host": "",
            "primary_file_microsoft_endpoint": "",
            "primary_file_microsoft_host": "",
            "primary_location": "ukwest",
            "primary_queue_endpoint": "https://storage5345.queue.core.windows.net/",
            "primary_queue_host": "storage5345.queue.core.windows.net",
            "primary_queue_microsoft_endpoint": "",
            "primary_queue_microsoft_host": "",
            "primary_table_endpoint": "https://storage5345.table.core.windows.net/",
            "primary_table_host": "storage5345.table.core.windows.net",
            "primary_table_microsoft_endpoint": "",
            "primary_table_microsoft_host": "",
            "primary_web_endpoint": "https://storage5345.z35.web.core.windows.net/",
            "primary_web_host": "storage5345.z35.web.core.windows.net",
            "primary_web_internet_endpoint": "",
            "primary_web_internet_host": "",
            "primary_web_microsoft_endpoint": "",
            "primary_web_microsoft_host": "",
            "public_network_access_enabled": true,
            "queue_encryption_key_type": "Service",
            "queue_properties": [
              {
                "cors_rule": [],
                "hour_metrics": [
                  {
                    "enabled": true,
                    "include_apis": true,
                    "retention_policy_days": 7,
                    "version": "1.0"
                  }
                ],
                "logging": [
                  {
                    "delete": false,
                    "read": false,
                    "retention_policy_days": 0,
                    "version": "1.0",
                    "write": false
                  }
                ],
                "minute_metrics": [
                  {
                    "enabled": false,
                    "include_apis": false,
                    "retention_policy_days": 0,
                    "version": "1.0"
                  }
                ]
              }
            ],
            "resource_group_name": "N01605345_Rg",
            "routing": [],
            "sas_policy": [],
            "secondary_access_key": "uq1D6wlQsXcSlU/2pfdH78k6n5iPHW4tYnx2+cFmIuN/EJ7RwcQZWP/ZJhNeKMrbJ7AN9yQFVEB++AStoSfNkg==",
            "secondary_blob_connection_string": "",
            "secondary_blob_endpoint": null,
            "secondary_blob_host": null,
            "secondary_blob_internet_endpoint": null,
            "secondary_blob_internet_host": null,
            "secondary_blob_microsoft_endpoint": null,
            "secondary_blob_microsoft_host": null,
            "secondary_connection_string": "DefaultEndpointsProtocol=https;AccountName=storage5345;AccountKey=uq1D6wlQsXcSlU/2pfdH78k6n5iPHW4tYnx2+cFmIuN/EJ7RwcQZWP/ZJhNeKMrbJ7AN9yQFVEB++AStoSfNkg==;EndpointSuffix=core.windows.net",
            "secondary_dfs_endpoint": null,
            "secondary_dfs_host": null,
            "secondary_dfs_internet_endpoint": null,
            "secondary_dfs_internet_host": null,
            "secondary_dfs_microsoft_endpoint": null,
            "secondary_dfs_microsoft_host": null,
            "secondary_file_endpoint": null,
            "secondary_file_host": null,
            "secondary_file_internet_endpoint": null,
            "secondary_file_internet_host": null,
            "secondary_file_microsoft_endpoint": null,
            "secondary_file_microsoft_host": null,
            "secondary_location": "",
            "secondary_queue_endpoint": null,
            "secondary_queue_host": null,
            "secondary_queue_microsoft_endpoint": null,
            "secondary_queue_microsoft_host": null,
            "secondary_table_endpoint": null,
            "secondary_table_host": null,
            "secondary_table_microsoft_endpoint": null,
            "secondary_table_microsoft_host": null,
            "secondary_web_endpoint": null,
            "secondary_web_host": null,
            "secondary_web_internet_endpoint": null,
            "secondary_web_internet_host": null,
            "secondary_web_microsoft_endpoint": null,
            "secondary_web_microsoft_host": null,
            "sftp_enabled": false,
            "share_properties": [
              {
                "cors_rule": [],
                "retention_policy": [
                  {
                    "days": 7
                  }
                ],
                "smb": []
              }
            ],
            "shared_access_key_enabled": true,
            "static_website": [],
            "table_encryption_key_type": "Service",
            "tags": {
              "Assignment": "CCGC 5502 Automation Assignment",
              "Environment": "Learning",
              "ExpirationDate": "2024-12-31",
              "Name": "Balaudaykiran.Nerella"
            },
            "timeouts": null
          },
          "sensitive_attributes": [],
          "private": "eyJlMmJmYjczMC1lY2FhLTExZTYtOGY4OC0zNDM2M2JjN2M0YzAiOnsiY3JlYXRlIjozNjAwMDAwMDAwMDAwLCJkZWxldGUiOjM2MDAwMDAwMDAwMDAsInJlYWQiOjMwMDAwMDAwMDAwMCwidXBkYXRlIjozNjAwMDAwMDAwMDAwfSwic2NoZW1hX3ZlcnNpb24iOiI0In0=",
          "dependencies": [
            "module.rgroup_N01605345.azurerm_resource_group.N01605345_Rg"
          ]
        }
      ]
    },
    {
      "module": "module.database_N01605345",
      "mode": "managed",
      "type": "azurerm_postgresql_server",
      "name": "database_instance",
      "provider": "provider[\"registry.terraform.io/hashicorp/azurerm\"]",
      "instances": [
        {
          "schema_version": 1,
          "attributes": {
            "administrator_login": "uday",
            "administrator_login_password": "Krishna@2110",
            "auto_grow_enabled": true,
            "backup_retention_days": 7,
            "create_mode": "Default",
            "creation_source_server_id": null,
            "fqdn": "n01605345-database.postgres.database.azure.com",
            "geo_redundant_backup_enabled": false,
            "id": "/subscriptions/ff585585-cedc-4bd2-9275-17f382d071e9/resourceGroups/N01605345_Rg/providers/Microsoft.DBforPostgreSQL/servers/n01605345-database",
            "identity": [],
            "infrastructure_encryption_enabled": false,
            "location": "ukwest",
            "name": "n01605345-database",
            "public_network_access_enabled": true,
            "resource_group_name": "N01605345_Rg",
            "restore_point_in_time": null,
            "sku_name": "B_Gen5_1",
            "ssl_enforcement_enabled": true,
            "ssl_minimal_tls_version_enforced": "TLS1_2",
            "storage_mb": 5120,
            "tags": {
              "Assignment": "CCGC 5502 Automation Assignment",
              "Environment": "Learning",
              "ExpirationDate": "2024-12-31",
              "Name": "Balaudaykiran.Nerella"
            },
            "threat_detection_policy": [],
            "timeouts": null,
            "version": "10"
          },
          "sensitive_attributes": [],
          "private": "eyJlMmJmYjczMC1lY2FhLTExZTYtOGY4OC0zNDM2M2JjN2M0YzAiOnsiY3JlYXRlIjozNjAwMDAwMDAwMDAwLCJkZWxldGUiOjM2MDAwMDAwMDAwMDAsInJlYWQiOjMwMDAwMDAwMDAwMCwidXBkYXRlIjozNjAwMDAwMDAwMDAwfSwic2NoZW1hX3ZlcnNpb24iOiIxIn0=",
          "dependencies": [
            "module.rgroup_N01605345.azurerm_resource_group.N01605345_Rg"
          ]
        }
      ]
    },
    {
      "module": "module.datadisk_N01605345",
      "mode": "managed",
      "type": "azurerm_managed_disk",
      "name": "datadisk",
      "provider": "provider[\"registry.terraform.io/hashicorp/azurerm\"]",
      "instances": [
        {
          "index_key": 0,
          "schema_version": 1,
          "attributes": {
            "create_option": "Empty",
            "disk_access_id": "",
            "disk_encryption_set_id": "",
            "disk_iops_read_only": 0,
            "disk_iops_read_write": 500,
            "disk_mbps_read_only": 0,
            "disk_mbps_read_write": 60,
            "disk_size_gb": 10,
            "edge_zone": "",
            "encryption_settings": [],
            "gallery_image_reference_id": "",
            "hyper_v_generation": "",
            "id": "/subscriptions/ff585585-cedc-4bd2-9275-17f382d071e9/resourceGroups/N01605345_Rg/providers/Microsoft.Compute/disks/datadisk-0",
            "image_reference_id": "",
            "location": "ukwest",
            "logical_sector_size": null,
            "max_shares": 0,
            "name": "datadisk-0",
            "network_access_policy": null,
            "on_demand_bursting_enabled": false,
            "optimized_frequent_attach_enabled": false,
            "os_type": "",
            "performance_plus_enabled": false,
            "public_network_access_enabled": true,
            "resource_group_name": "N01605345_Rg",
            "secure_vm_disk_encryption_set_id": "",
            "security_type": "",
            "source_resource_id": "",
            "source_uri": "",
            "storage_account_id": "",
            "storage_account_type": "Standard_LRS",
            "tags": {
              "Assignment": "CCGC 5502 Automation Assignment",
              "Environment": "Learning",
              "ExpirationDate": "2024-12-31",
              "Name": "Balaudaykiran.Nerella"
            },
            "tier": "",
            "timeouts": null,
            "trusted_launch_enabled": false,
            "upload_size_bytes": 0,
            "zone": ""
          },
          "sensitive_attributes": [],
          "private": "eyJlMmJmYjczMC1lY2FhLTExZTYtOGY4OC0zNDM2M2JjN2M0YzAiOnsiY3JlYXRlIjoxODAwMDAwMDAwMDAwLCJkZWxldGUiOjE4MDAwMDAwMDAwMDAsInJlYWQiOjMwMDAwMDAwMDAwMCwidXBkYXRlIjoxODAwMDAwMDAwMDAwfSwic2NoZW1hX3ZlcnNpb24iOiIxIn0=",
          "dependencies": [
            "module.common_N01605345.azurerm_storage_account.storage_account",
            "module.network_N01605345.azurerm_subnet.N01605345_subnet",
            "module.network_N01605345.azurerm_virtual_network.N01605345_vnet",
            "module.rgroup_N01605345.azurerm_resource_group.N01605345_Rg",
            "module.vmlinux_N01605345.azurerm_availability_set.linux_avs",
            "module.vmlinux_N01605345.azurerm_linux_virtual_machine.vmlinux",
            "module.vmlinux_N01605345.azurerm_network_interface.linux-nic",
            "module.vmlinux_N01605345.azurerm_public_ip.linux-pip",
            "module.vmwindows_N01605345.azurerm_network_interface.windows-nic",
            "module.vmwindows_N01605345.azurerm_public_ip.windows-pip",
            "module.vmwindows_N01605345.azurerm_windows_virtual_machine.windows-VM"
          ]
        },
        {
          "index_key": 1,
          "schema_version": 1,
          "attributes": {
            "create_option": "Empty",
            "disk_access_id": "",
            "disk_encryption_set_id": "",
            "disk_iops_read_only": 0,
            "disk_iops_read_write": 500,
            "disk_mbps_read_only": 0,
            "disk_mbps_read_write": 60,
            "disk_size_gb": 10,
            "edge_zone": "",
            "encryption_settings": [],
            "gallery_image_reference_id": "",
            "hyper_v_generation": "",
            "id": "/subscriptions/ff585585-cedc-4bd2-9275-17f382d071e9/resourceGroups/N01605345_Rg/providers/Microsoft.Compute/disks/datadisk-1",
            "image_reference_id": "",
            "location": "ukwest",
            "logical_sector_size": null,
            "max_shares": 0,
            "name": "datadisk-1",
            "network_access_policy": null,
            "on_demand_bursting_enabled": false,
            "optimized_frequent_attach_enabled": false,
            "os_type": "",
            "performance_plus_enabled": false,
            "public_network_access_enabled": true,
            "resource_group_name": "N01605345_Rg",
            "secure_vm_disk_encryption_set_id": "",
            "security_type": "",
            "source_resource_id": "",
            "source_uri": "",
            "storage_account_id": "",
            "storage_account_type": "Standard_LRS",
            "tags": {
              "Assignment": "CCGC 5502 Automation Assignment",
              "Environment": "Learning",
              "ExpirationDate": "2024-12-31",
              "Name": "Balaudaykiran.Nerella"
            },
            "tier": "",
            "timeouts": null,
            "trusted_launch_enabled": false,
            "upload_size_bytes": 0,
            "zone": ""
          },
          "sensitive_attributes": [],
          "private": "eyJlMmJmYjczMC1lY2FhLTExZTYtOGY4OC0zNDM2M2JjN2M0YzAiOnsiY3JlYXRlIjoxODAwMDAwMDAwMDAwLCJkZWxldGUiOjE4MDAwMDAwMDAwMDAsInJlYWQiOjMwMDAwMDAwMDAwMCwidXBkYXRlIjoxODAwMDAwMDAwMDAwfSwic2NoZW1hX3ZlcnNpb24iOiIxIn0=",
          "dependencies": [
            "module.common_N01605345.azurerm_storage_account.storage_account",
            "module.network_N01605345.azurerm_subnet.N01605345_subnet",
            "module.network_N01605345.azurerm_virtual_network.N01605345_vnet",
            "module.rgroup_N01605345.azurerm_resource_group.N01605345_Rg",
            "module.vmlinux_N01605345.azurerm_availability_set.linux_avs",
            "module.vmlinux_N01605345.azurerm_linux_virtual_machine.vmlinux",
            "module.vmlinux_N01605345.azurerm_network_interface.linux-nic",
            "module.vmlinux_N01605345.azurerm_public_ip.linux-pip",
            "module.vmwindows_N01605345.azurerm_network_interface.windows-nic",
            "module.vmwindows_N01605345.azurerm_public_ip.windows-pip",
            "module.vmwindows_N01605345.azurerm_windows_virtual_machine.windows-VM"
          ]
        },
        {
          "index_key": 2,
          "schema_version": 1,
          "attributes": {
            "create_option": "Empty",
            "disk_access_id": "",
            "disk_encryption_set_id": "",
            "disk_iops_read_only": 0,
            "disk_iops_read_write": 500,
            "disk_mbps_read_only": 0,
            "disk_mbps_read_write": 60,
            "disk_size_gb": 10,
            "edge_zone": "",
            "encryption_settings": [],
            "gallery_image_reference_id": "",
            "hyper_v_generation": "",
            "id": "/subscriptions/ff585585-cedc-4bd2-9275-17f382d071e9/resourceGroups/N01605345_Rg/providers/Microsoft.Compute/disks/datadisk-2",
            "image_reference_id": "",
            "location": "ukwest",
            "logical_sector_size": null,
            "max_shares": 0,
            "name": "datadisk-2",
            "network_access_policy": null,
            "on_demand_bursting_enabled": false,
            "optimized_frequent_attach_enabled": false,
            "os_type": "",
            "performance_plus_enabled": false,
            "public_network_access_enabled": true,
            "resource_group_name": "N01605345_Rg",
            "secure_vm_disk_encryption_set_id": "",
            "security_type": "",
            "source_resource_id": "",
            "source_uri": "",
            "storage_account_id": "",
            "storage_account_type": "Standard_LRS",
            "tags": {
              "Assignment": "CCGC 5502 Automation Assignment",
              "Environment": "Learning",
              "ExpirationDate": "2024-12-31",
              "Name": "Balaudaykiran.Nerella"
            },
            "tier": "",
            "timeouts": null,
            "trusted_launch_enabled": false,
            "upload_size_bytes": 0,
            "zone": ""
          },
          "sensitive_attributes": [],
          "private": "eyJlMmJmYjczMC1lY2FhLTExZTYtOGY4OC0zNDM2M2JjN2M0YzAiOnsiY3JlYXRlIjoxODAwMDAwMDAwMDAwLCJkZWxldGUiOjE4MDAwMDAwMDAwMDAsInJlYWQiOjMwMDAwMDAwMDAwMCwidXBkYXRlIjoxODAwMDAwMDAwMDAwfSwic2NoZW1hX3ZlcnNpb24iOiIxIn0=",
          "dependencies": [
            "module.common_N01605345.azurerm_storage_account.storage_account",
            "module.network_N01605345.azurerm_subnet.N01605345_subnet",
            "module.network_N01605345.azurerm_virtual_network.N01605345_vnet",
            "module.rgroup_N01605345.azurerm_resource_group.N01605345_Rg",
            "module.vmlinux_N01605345.azurerm_availability_set.linux_avs",
            "module.vmlinux_N01605345.azurerm_linux_virtual_machine.vmlinux",
            "module.vmlinux_N01605345.azurerm_network_interface.linux-nic",
            "module.vmlinux_N01605345.azurerm_public_ip.linux-pip",
            "module.vmwindows_N01605345.azurerm_network_interface.windows-nic",
            "module.vmwindows_N01605345.azurerm_public_ip.windows-pip",
            "module.vmwindows_N01605345.azurerm_windows_virtual_machine.windows-VM"
          ]
        },
        {
          "index_key": 3,
          "schema_version": 1,
          "attributes": {
            "create_option": "Empty",
            "disk_access_id": "",
            "disk_encryption_set_id": "",
            "disk_iops_read_only": 0,
            "disk_iops_read_write": 500,
            "disk_mbps_read_only": 0,
            "disk_mbps_read_write": 60,
            "disk_size_gb": 10,
            "edge_zone": "",
            "encryption_settings": [],
            "gallery_image_reference_id": "",
            "hyper_v_generation": "",
            "id": "/subscriptions/ff585585-cedc-4bd2-9275-17f382d071e9/resourceGroups/N01605345_Rg/providers/Microsoft.Compute/disks/datadisk-3",
            "image_reference_id": "",
            "location": "ukwest",
            "logical_sector_size": null,
            "max_shares": 0,
            "name": "datadisk-3",
            "network_access_policy": null,
            "on_demand_bursting_enabled": false,
            "optimized_frequent_attach_enabled": false,
            "os_type": "",
            "performance_plus_enabled": false,
            "public_network_access_enabled": true,
            "resource_group_name": "N01605345_Rg",
            "secure_vm_disk_encryption_set_id": "",
            "security_type": "",
            "source_resource_id": "",
            "source_uri": "",
            "storage_account_id": "",
            "storage_account_type": "Standard_LRS",
            "tags": {
              "Assignment": "CCGC 5502 Automation Assignment",
              "Environment": "Learning",
              "ExpirationDate": "2024-12-31",
              "Name": "Balaudaykiran.Nerella"
            },
            "tier": "",
            "timeouts": null,
            "trusted_launch_enabled": false,
            "upload_size_bytes": 0,
            "zone": ""
          },
          "sensitive_attributes": [],
          "private": "eyJlMmJmYjczMC1lY2FhLTExZTYtOGY4OC0zNDM2M2JjN2M0YzAiOnsiY3JlYXRlIjoxODAwMDAwMDAwMDAwLCJkZWxldGUiOjE4MDAwMDAwMDAwMDAsInJlYWQiOjMwMDAwMDAwMDAwMCwidXBkYXRlIjoxODAwMDAwMDAwMDAwfSwic2NoZW1hX3ZlcnNpb24iOiIxIn0=",
          "dependencies": [
            "module.common_N01605345.azurerm_storage_account.storage_account",
            "module.network_N01605345.azurerm_subnet.N01605345_subnet",
            "module.network_N01605345.azurerm_virtual_network.N01605345_vnet",
            "module.rgroup_N01605345.azurerm_resource_group.N01605345_Rg",
            "module.vmlinux_N01605345.azurerm_availability_set.linux_avs",
            "module.vmlinux_N01605345.azurerm_linux_virtual_machine.vmlinux",
            "module.vmlinux_N01605345.azurerm_network_interface.linux-nic",
            "module.vmlinux_N01605345.azurerm_public_ip.linux-pip",
            "module.vmwindows_N01605345.azurerm_network_interface.windows-nic",
            "module.vmwindows_N01605345.azurerm_public_ip.windows-pip",
            "module.vmwindows_N01605345.azurerm_windows_virtual_machine.windows-VM"
          ]
        }
      ]
    },
    {
      "module": "module.datadisk_N01605345",
      "mode": "managed",
      "type": "azurerm_virtual_machine_data_disk_attachment",
      "name": "datadisk_attach",
      "provider": "provider[\"registry.terraform.io/hashicorp/azurerm\"]",
      "instances": [
        {
          "index_key": 0,
          "schema_version": 0,
          "attributes": {
            "caching": "ReadWrite",
            "create_option": "Attach",
            "id": "/subscriptions/ff585585-cedc-4bd2-9275-17f382d071e9/resourceGroups/N01605345_Rg/providers/Microsoft.Compute/virtualMachines/n01605345-vm-1/dataDisks/datadisk-1",
            "lun": 0,
            "managed_disk_id": "/subscriptions/ff585585-cedc-4bd2-9275-17f382d071e9/resourceGroups/N01605345_Rg/providers/Microsoft.Compute/disks/datadisk-1",
            "timeouts": null,
            "virtual_machine_id": "/subscriptions/ff585585-cedc-4bd2-9275-17f382d071e9/resourceGroups/N01605345_Rg/providers/Microsoft.Compute/virtualMachines/n01605345-vm-1",
            "write_accelerator_enabled": false
          },
          "sensitive_attributes": [],
          "private": "eyJlMmJmYjczMC1lY2FhLTExZTYtOGY4OC0zNDM2M2JjN2M0YzAiOnsiY3JlYXRlIjoxODAwMDAwMDAwMDAwLCJkZWxldGUiOjE4MDAwMDAwMDAwMDAsInJlYWQiOjMwMDAwMDAwMDAwMCwidXBkYXRlIjoxODAwMDAwMDAwMDAwfX0=",
          "dependencies": [
            "module.common_N01605345.azurerm_storage_account.storage_account",
            "module.datadisk_N01605345.azurerm_managed_disk.datadisk",
            "module.network_N01605345.azurerm_subnet.N01605345_subnet",
            "module.network_N01605345.azurerm_virtual_network.N01605345_vnet",
            "module.rgroup_N01605345.azurerm_resource_group.N01605345_Rg",
            "module.vmlinux_N01605345.azurerm_availability_set.linux_avs",
            "module.vmlinux_N01605345.azurerm_linux_virtual_machine.vmlinux",
            "module.vmlinux_N01605345.azurerm_network_interface.linux-nic",
            "module.vmlinux_N01605345.azurerm_public_ip.linux-pip",
            "module.vmwindows_N01605345.azurerm_network_interface.windows-nic",
            "module.vmwindows_N01605345.azurerm_public_ip.windows-pip",
            "module.vmwindows_N01605345.azurerm_windows_virtual_machine.windows-VM"
          ]
        },
        {
          "index_key": 1,
          "schema_version": 0,
          "attributes": {
            "caching": "ReadWrite",
            "create_option": "Attach",
            "id": "/subscriptions/ff585585-cedc-4bd2-9275-17f382d071e9/resourceGroups/N01605345_Rg/providers/Microsoft.Compute/virtualMachines/n01605345-vm-2/dataDisks/datadisk-2",
            "lun": 1,
            "managed_disk_id": "/subscriptions/ff585585-cedc-4bd2-9275-17f382d071e9/resourceGroups/N01605345_Rg/providers/Microsoft.Compute/disks/datadisk-2",
            "timeouts": null,
            "virtual_machine_id": "/subscriptions/ff585585-cedc-4bd2-9275-17f382d071e9/resourceGroups/N01605345_Rg/providers/Microsoft.Compute/virtualMachines/n01605345-vm-2",
            "write_accelerator_enabled": false
          },
          "sensitive_attributes": [],
          "private": "eyJlMmJmYjczMC1lY2FhLTExZTYtOGY4OC0zNDM2M2JjN2M0YzAiOnsiY3JlYXRlIjoxODAwMDAwMDAwMDAwLCJkZWxldGUiOjE4MDAwMDAwMDAwMDAsInJlYWQiOjMwMDAwMDAwMDAwMCwidXBkYXRlIjoxODAwMDAwMDAwMDAwfX0=",
          "dependencies": [
            "module.common_N01605345.azurerm_storage_account.storage_account",
            "module.datadisk_N01605345.azurerm_managed_disk.datadisk",
            "module.network_N01605345.azurerm_subnet.N01605345_subnet",
            "module.network_N01605345.azurerm_virtual_network.N01605345_vnet",
            "module.rgroup_N01605345.azurerm_resource_group.N01605345_Rg",
            "module.vmlinux_N01605345.azurerm_availability_set.linux_avs",
            "module.vmlinux_N01605345.azurerm_linux_virtual_machine.vmlinux",
            "module.vmlinux_N01605345.azurerm_network_interface.linux-nic",
            "module.vmlinux_N01605345.azurerm_public_ip.linux-pip",
            "module.vmwindows_N01605345.azurerm_network_interface.windows-nic",
            "module.vmwindows_N01605345.azurerm_public_ip.windows-pip",
            "module.vmwindows_N01605345.azurerm_windows_virtual_machine.windows-VM"
          ]
        },
        {
          "index_key": 2,
          "schema_version": 0,
          "attributes": {
            "caching": "ReadWrite",
            "create_option": "Attach",
            "id": "/subscriptions/ff585585-cedc-4bd2-9275-17f382d071e9/resourceGroups/N01605345_Rg/providers/Microsoft.Compute/virtualMachines/n01605345-vm-3/dataDisks/datadisk-3",
            "lun": 2,
            "managed_disk_id": "/subscriptions/ff585585-cedc-4bd2-9275-17f382d071e9/resourceGroups/N01605345_Rg/providers/Microsoft.Compute/disks/datadisk-3",
            "timeouts": null,
            "virtual_machine_id": "/subscriptions/ff585585-cedc-4bd2-9275-17f382d071e9/resourceGroups/N01605345_Rg/providers/Microsoft.Compute/virtualMachines/n01605345-vm-3",
            "write_accelerator_enabled": false
          },
          "sensitive_attributes": [],
          "private": "eyJlMmJmYjczMC1lY2FhLTExZTYtOGY4OC0zNDM2M2JjN2M0YzAiOnsiY3JlYXRlIjoxODAwMDAwMDAwMDAwLCJkZWxldGUiOjE4MDAwMDAwMDAwMDAsInJlYWQiOjMwMDAwMDAwMDAwMCwidXBkYXRlIjoxODAwMDAwMDAwMDAwfX0=",
          "dependencies": [
            "module.common_N01605345.azurerm_storage_account.storage_account",
            "module.datadisk_N01605345.azurerm_managed_disk.datadisk",
            "module.network_N01605345.azurerm_subnet.N01605345_subnet",
            "module.network_N01605345.azurerm_virtual_network.N01605345_vnet",
            "module.rgroup_N01605345.azurerm_resource_group.N01605345_Rg",
            "module.vmlinux_N01605345.azurerm_availability_set.linux_avs",
            "module.vmlinux_N01605345.azurerm_linux_virtual_machine.vmlinux",
            "module.vmlinux_N01605345.azurerm_network_interface.linux-nic",
            "module.vmlinux_N01605345.azurerm_public_ip.linux-pip",
            "module.vmwindows_N01605345.azurerm_network_interface.windows-nic",
            "module.vmwindows_N01605345.azurerm_public_ip.windows-pip",
            "module.vmwindows_N01605345.azurerm_windows_virtual_machine.windows-VM"
          ]
        },
        {
          "index_key": 3,
          "schema_version": 0,
          "attributes": {
            "caching": "ReadWrite",
            "create_option": "Attach",
            "id": "/subscriptions/ff585585-cedc-4bd2-9275-17f382d071e9/resourceGroups/N01605345_Rg/providers/Microsoft.Compute/virtualMachines/5345-windows1/dataDisks/datadisk-0",
            "lun": 3,
            "managed_disk_id": "/subscriptions/ff585585-cedc-4bd2-9275-17f382d071e9/resourceGroups/N01605345_Rg/providers/Microsoft.Compute/disks/datadisk-0",
            "timeouts": null,
            "virtual_machine_id": "/subscriptions/ff585585-cedc-4bd2-9275-17f382d071e9/resourceGroups/N01605345_Rg/providers/Microsoft.Compute/virtualMachines/5345-windows1",
            "write_accelerator_enabled": false
          },
          "sensitive_attributes": [],
          "private": "eyJlMmJmYjczMC1lY2FhLTExZTYtOGY4OC0zNDM2M2JjN2M0YzAiOnsiY3JlYXRlIjoxODAwMDAwMDAwMDAwLCJkZWxldGUiOjE4MDAwMDAwMDAwMDAsInJlYWQiOjMwMDAwMDAwMDAwMCwidXBkYXRlIjoxODAwMDAwMDAwMDAwfX0=",
          "dependencies": [
            "module.common_N01605345.azurerm_storage_account.storage_account",
            "module.datadisk_N01605345.azurerm_managed_disk.datadisk",
            "module.network_N01605345.azurerm_subnet.N01605345_subnet",
            "module.network_N01605345.azurerm_virtual_network.N01605345_vnet",
            "module.rgroup_N01605345.azurerm_resource_group.N01605345_Rg",
            "module.vmlinux_N01605345.azurerm_availability_set.linux_avs",
            "module.vmlinux_N01605345.azurerm_linux_virtual_machine.vmlinux",
            "module.vmlinux_N01605345.azurerm_network_interface.linux-nic",
            "module.vmlinux_N01605345.azurerm_public_ip.linux-pip",
            "module.vmwindows_N01605345.azurerm_network_interface.windows-nic",
            "module.vmwindows_N01605345.azurerm_public_ip.windows-pip",
            "module.vmwindows_N01605345.azurerm_windows_virtual_machine.windows-VM"
          ]
        }
      ]
    },
    {
      "module": "module.loadbalancer_N01605345",
      "mode": "managed",
      "type": "azurerm_lb",
      "name": "loadbalancer",
      "provider": "provider[\"registry.terraform.io/hashicorp/azurerm\"]",
      "instances": [
        {
          "schema_version": 0,
          "attributes": {
            "edge_zone": "",
            "frontend_ip_configuration": [
              {
                "gateway_load_balancer_frontend_ip_configuration_id": "",
                "id": "/subscriptions/ff585585-cedc-4bd2-9275-17f382d071e9/resourceGroups/N01605345_Rg/providers/Microsoft.Network/loadBalancers/N01605345_lb/frontendIPConfigurations/N01605345_lb-ipconfig",
                "inbound_nat_rules": [],
                "load_balancer_rules": [],
                "name": "N01605345_lb-ipconfig",
                "outbound_rules": [],
                "private_ip_address": "",
                "private_ip_address_allocation": "Dynamic",
                "private_ip_address_version": "",
                "public_ip_address_id": "/subscriptions/ff585585-cedc-4bd2-9275-17f382d071e9/resourceGroups/N01605345_Rg/providers/Microsoft.Network/publicIPAddresses/N01605345_lb-pip",
                "public_ip_prefix_id": "",
                "subnet_id": "",
                "zones": null
              }
            ],
            "id": "/subscriptions/ff585585-cedc-4bd2-9275-17f382d071e9/resourceGroups/N01605345_Rg/providers/Microsoft.Network/loadBalancers/N01605345_lb",
            "location": "ukwest",
            "name": "N01605345_lb",
            "private_ip_address": "",
            "private_ip_addresses": [],
            "resource_group_name": "N01605345_Rg",
            "sku": "Basic",
            "sku_tier": "Regional",
            "tags": {
              "Assignment": "CCGC 5502 Automation Assignment",
              "Environment": "Learning",
              "ExpirationDate": "2024-12-31",
              "Name": "Balaudaykiran.Nerella"
            },
            "timeouts": null
          },
          "sensitive_attributes": [],
          "private": "eyJlMmJmYjczMC1lY2FhLTExZTYtOGY4OC0zNDM2M2JjN2M0YzAiOnsiY3JlYXRlIjoxODAwMDAwMDAwMDAwLCJkZWxldGUiOjE4MDAwMDAwMDAwMDAsInJlYWQiOjMwMDAwMDAwMDAwMCwidXBkYXRlIjoxODAwMDAwMDAwMDAwfX0=",
          "dependencies": [
            "module.loadbalancer_N01605345.azurerm_public_ip.loadbalancer-pip",
            "module.rgroup_N01605345.azurerm_resource_group.N01605345_Rg"
          ]
        }
      ]
    },
    {
      "module": "module.loadbalancer_N01605345",
      "mode": "managed",
      "type": "azurerm_lb_backend_address_pool",
      "name": "loadbalancer-backend-address_pool",
      "provider": "provider[\"registry.terraform.io/hashicorp/azurerm\"]",
      "instances": [
        {
          "schema_version": 0,
          "attributes": {
            "backend_ip_configurations": [],
            "id": "/subscriptions/ff585585-cedc-4bd2-9275-17f382d071e9/resourceGroups/N01605345_Rg/providers/Microsoft.Network/loadBalancers/N01605345_lb/backendAddressPools/N01605345_lb-address_pool",
            "inbound_nat_rules": [],
            "load_balancing_rules": [],
            "loadbalancer_id": "/subscriptions/ff585585-cedc-4bd2-9275-17f382d071e9/resourceGroups/N01605345_Rg/providers/Microsoft.Network/loadBalancers/N01605345_lb",
            "name": "N01605345_lb-address_pool",
            "outbound_rules": [],
            "timeouts": null,
            "tunnel_interface": [],
            "virtual_network_id": ""
          },
          "sensitive_attributes": [],
          "private": "eyJlMmJmYjczMC1lY2FhLTExZTYtOGY4OC0zNDM2M2JjN2M0YzAiOnsiY3JlYXRlIjoxODAwMDAwMDAwMDAwLCJkZWxldGUiOjE4MDAwMDAwMDAwMDAsInJlYWQiOjMwMDAwMDAwMDAwMCwidXBkYXRlIjoxODAwMDAwMDAwMDAwfX0=",
          "dependencies": [
            "module.loadbalancer_N01605345.azurerm_lb.loadbalancer",
            "module.loadbalancer_N01605345.azurerm_public_ip.loadbalancer-pip",
            "module.rgroup_N01605345.azurerm_resource_group.N01605345_Rg"
          ]
        }
      ]
    },
    {
      "module": "module.loadbalancer_N01605345",
      "mode": "managed",
      "type": "azurerm_lb_probe",
      "name": "probe",
      "provider": "provider[\"registry.terraform.io/hashicorp/azurerm\"]",
      "instances": [
        {
          "schema_version": 0,
          "attributes": {
            "id": "/subscriptions/ff585585-cedc-4bd2-9275-17f382d071e9/resourceGroups/N01605345_Rg/providers/Microsoft.Network/loadBalancers/N01605345_lb/probes/http-probe",
            "interval_in_seconds": 15,
            "load_balancer_rules": [],
            "loadbalancer_id": "/subscriptions/ff585585-cedc-4bd2-9275-17f382d071e9/resourceGroups/N01605345_Rg/providers/Microsoft.Network/loadBalancers/N01605345_lb",
            "name": "http-probe",
            "number_of_probes": 2,
            "port": 80,
            "probe_threshold": 1,
            "protocol": "Http",
            "request_path": "/",
            "timeouts": null
          },
          "sensitive_attributes": [],
          "private": "eyJlMmJmYjczMC1lY2FhLTExZTYtOGY4OC0zNDM2M2JjN2M0YzAiOnsiY3JlYXRlIjoxODAwMDAwMDAwMDAwLCJkZWxldGUiOjE4MDAwMDAwMDAwMDAsInJlYWQiOjMwMDAwMDAwMDAwMCwidXBkYXRlIjoxODAwMDAwMDAwMDAwfX0=",
          "dependencies": [
            "module.loadbalancer_N01605345.azurerm_lb.loadbalancer",
            "module.loadbalancer_N01605345.azurerm_public_ip.loadbalancer-pip",
            "module.rgroup_N01605345.azurerm_resource_group.N01605345_Rg"
          ]
        }
      ]
    },
    {
      "module": "module.loadbalancer_N01605345",
      "mode": "managed",
      "type": "azurerm_lb_rule",
      "name": "loadbalancer-rules",
      "provider": "provider[\"registry.terraform.io/hashicorp/azurerm\"]",
      "instances": [
        {
          "schema_version": 0,
          "attributes": {
            "backend_address_pool_ids": [
              "/subscriptions/ff585585-cedc-4bd2-9275-17f382d071e9/resourceGroups/N01605345_Rg/providers/Microsoft.Network/loadBalancers/N01605345_lb/backendAddressPools/N01605345_lb-address_pool"
            ],
            "backend_port": 80,
            "disable_outbound_snat": false,
            "enable_floating_ip": false,
            "enable_tcp_reset": false,
            "frontend_ip_configuration_id": "/subscriptions/ff585585-cedc-4bd2-9275-17f382d071e9/resourceGroups/N01605345_Rg/providers/Microsoft.Network/loadBalancers/N01605345_lb/frontendIPConfigurations/N01605345_lb-ipconfig",
            "frontend_ip_configuration_name": "N01605345_lb-ipconfig",
            "frontend_port": 80,
            "id": "/subscriptions/ff585585-cedc-4bd2-9275-17f382d071e9/resourceGroups/N01605345_Rg/providers/Microsoft.Network/loadBalancers/N01605345_lb/loadBalancingRules/http-rule",
            "idle_timeout_in_minutes": 4,
            "load_distribution": "Default",
            "loadbalancer_id": "/subscriptions/ff585585-cedc-4bd2-9275-17f382d071e9/resourceGroups/N01605345_Rg/providers/Microsoft.Network/loadBalancers/N01605345_lb",
            "name": "http-rule",
            "probe_id": "/subscriptions/ff585585-cedc-4bd2-9275-17f382d071e9/resourceGroups/N01605345_Rg/providers/Microsoft.Network/loadBalancers/N01605345_lb/probes/http-probe",
            "protocol": "Tcp",
            "timeouts": null
          },
          "sensitive_attributes": [],
          "private": "eyJlMmJmYjczMC1lY2FhLTExZTYtOGY4OC0zNDM2M2JjN2M0YzAiOnsiY3JlYXRlIjoxODAwMDAwMDAwMDAwLCJkZWxldGUiOjE4MDAwMDAwMDAwMDAsInJlYWQiOjMwMDAwMDAwMDAwMCwidXBkYXRlIjoxODAwMDAwMDAwMDAwfX0=",
          "dependencies": [
            "module.loadbalancer_N01605345.azurerm_lb.loadbalancer",
            "module.loadbalancer_N01605345.azurerm_lb_backend_address_pool.loadbalancer-backend-address_pool",
            "module.loadbalancer_N01605345.azurerm_lb_probe.probe",
            "module.loadbalancer_N01605345.azurerm_public_ip.loadbalancer-pip",
            "module.rgroup_N01605345.azurerm_resource_group.N01605345_Rg"
          ]
        }
      ]
    },
    {
      "module": "module.loadbalancer_N01605345",
      "mode": "managed",
      "type": "azurerm_network_interface_backend_address_pool_association",
      "name": "loadbalancer-nic-backend_pool_asso",
      "provider": "provider[\"registry.terraform.io/hashicorp/azurerm\"]",
      "instances": [
        {
          "index_key": 0,
          "schema_version": 0,
          "attributes": {
            "backend_address_pool_id": "/subscriptions/ff585585-cedc-4bd2-9275-17f382d071e9/resourceGroups/N01605345_Rg/providers/Microsoft.Network/loadBalancers/N01605345_lb/backendAddressPools/N01605345_lb-address_pool",
            "id": "/subscriptions/ff585585-cedc-4bd2-9275-17f382d071e9/resourceGroups/N01605345_Rg/providers/Microsoft.Network/networkInterfaces/n01605345-vm-nic-1/ipConfigurations/n01605345-vm-ipconfig-1|/subscriptions/ff585585-cedc-4bd2-9275-17f382d071e9/resourceGroups/N01605345_Rg/providers/Microsoft.Network/loadBalancers/N01605345_lb/backendAddressPools/N01605345_lb-address_pool",
            "ip_configuration_name": "n01605345-vm-ipconfig-1",
            "network_interface_id": "/subscriptions/ff585585-cedc-4bd2-9275-17f382d071e9/resourceGroups/N01605345_Rg/providers/Microsoft.Network/networkInterfaces/n01605345-vm-nic-1",
            "timeouts": null
          },
          "sensitive_attributes": [],
          "private": "eyJlMmJmYjczMC1lY2FhLTExZTYtOGY4OC0zNDM2M2JjN2M0YzAiOnsiY3JlYXRlIjoxODAwMDAwMDAwMDAwLCJkZWxldGUiOjE4MDAwMDAwMDAwMDAsInJlYWQiOjMwMDAwMDAwMDAwMH19",
          "dependencies": [
            "module.common_N01605345.azurerm_storage_account.storage_account",
            "module.loadbalancer_N01605345.azurerm_lb.loadbalancer",
            "module.loadbalancer_N01605345.azurerm_lb_backend_address_pool.loadbalancer-backend-address_pool",
            "module.loadbalancer_N01605345.azurerm_public_ip.loadbalancer-pip",
            "module.network_N01605345.azurerm_subnet.N01605345_subnet",
            "module.network_N01605345.azurerm_virtual_network.N01605345_vnet",
            "module.rgroup_N01605345.azurerm_resource_group.N01605345_Rg",
            "module.vmlinux_N01605345.azurerm_availability_set.linux_avs",
            "module.vmlinux_N01605345.azurerm_linux_virtual_machine.vmlinux",
            "module.vmlinux_N01605345.azurerm_network_interface.linux-nic",
            "module.vmlinux_N01605345.azurerm_public_ip.linux-pip"
          ]
        },
        {
          "index_key": 1,
          "schema_version": 0,
          "attributes": {
            "backend_address_pool_id": "/subscriptions/ff585585-cedc-4bd2-9275-17f382d071e9/resourceGroups/N01605345_Rg/providers/Microsoft.Network/loadBalancers/N01605345_lb/backendAddressPools/N01605345_lb-address_pool",
            "id": "/subscriptions/ff585585-cedc-4bd2-9275-17f382d071e9/resourceGroups/N01605345_Rg/providers/Microsoft.Network/networkInterfaces/n01605345-vm-nic-2/ipConfigurations/n01605345-vm-ipconfig-2|/subscriptions/ff585585-cedc-4bd2-9275-17f382d071e9/resourceGroups/N01605345_Rg/providers/Microsoft.Network/loadBalancers/N01605345_lb/backendAddressPools/N01605345_lb-address_pool",
            "ip_configuration_name": "n01605345-vm-ipconfig-2",
            "network_interface_id": "/subscriptions/ff585585-cedc-4bd2-9275-17f382d071e9/resourceGroups/N01605345_Rg/providers/Microsoft.Network/networkInterfaces/n01605345-vm-nic-2",
            "timeouts": null
          },
          "sensitive_attributes": [],
          "private": "eyJlMmJmYjczMC1lY2FhLTExZTYtOGY4OC0zNDM2M2JjN2M0YzAiOnsiY3JlYXRlIjoxODAwMDAwMDAwMDAwLCJkZWxldGUiOjE4MDAwMDAwMDAwMDAsInJlYWQiOjMwMDAwMDAwMDAwMH19",
          "dependencies": [
            "module.common_N01605345.azurerm_storage_account.storage_account",
            "module.loadbalancer_N01605345.azurerm_lb.loadbalancer",
            "module.loadbalancer_N01605345.azurerm_lb_backend_address_pool.loadbalancer-backend-address_pool",
            "module.loadbalancer_N01605345.azurerm_public_ip.loadbalancer-pip",
            "module.network_N01605345.azurerm_subnet.N01605345_subnet",
            "module.network_N01605345.azurerm_virtual_network.N01605345_vnet",
            "module.rgroup_N01605345.azurerm_resource_group.N01605345_Rg",
            "module.vmlinux_N01605345.azurerm_availability_set.linux_avs",
            "module.vmlinux_N01605345.azurerm_linux_virtual_machine.vmlinux",
            "module.vmlinux_N01605345.azurerm_network_interface.linux-nic",
            "module.vmlinux_N01605345.azurerm_public_ip.linux-pip"
          ]
        },
        {
          "index_key": 2,
          "schema_version": 0,
          "attributes": {
            "backend_address_pool_id": "/subscriptions/ff585585-cedc-4bd2-9275-17f382d071e9/resourceGroups/N01605345_Rg/providers/Microsoft.Network/loadBalancers/N01605345_lb/backendAddressPools/N01605345_lb-address_pool",
            "id": "/subscriptions/ff585585-cedc-4bd2-9275-17f382d071e9/resourceGroups/N01605345_Rg/providers/Microsoft.Network/networkInterfaces/n01605345-vm-nic-3/ipConfigurations/n01605345-vm-ipconfig-3|/subscriptions/ff585585-cedc-4bd2-9275-17f382d071e9/resourceGroups/N01605345_Rg/providers/Microsoft.Network/loadBalancers/N01605345_lb/backendAddressPools/N01605345_lb-address_pool",
            "ip_configuration_name": "n01605345-vm-ipconfig-3",
            "network_interface_id": "/subscriptions/ff585585-cedc-4bd2-9275-17f382d071e9/resourceGroups/N01605345_Rg/providers/Microsoft.Network/networkInterfaces/n01605345-vm-nic-3",
            "timeouts": null
          },
          "sensitive_attributes": [],
          "private": "eyJlMmJmYjczMC1lY2FhLTExZTYtOGY4OC0zNDM2M2JjN2M0YzAiOnsiY3JlYXRlIjoxODAwMDAwMDAwMDAwLCJkZWxldGUiOjE4MDAwMDAwMDAwMDAsInJlYWQiOjMwMDAwMDAwMDAwMH19",
          "dependencies": [
            "module.common_N01605345.azurerm_storage_account.storage_account",
            "module.loadbalancer_N01605345.azurerm_lb.loadbalancer",
            "module.loadbalancer_N01605345.azurerm_lb_backend_address_pool.loadbalancer-backend-address_pool",
            "module.loadbalancer_N01605345.azurerm_public_ip.loadbalancer-pip",
            "module.network_N01605345.azurerm_subnet.N01605345_subnet",
            "module.network_N01605345.azurerm_virtual_network.N01605345_vnet",
            "module.rgroup_N01605345.azurerm_resource_group.N01605345_Rg",
            "module.vmlinux_N01605345.azurerm_availability_set.linux_avs",
            "module.vmlinux_N01605345.azurerm_linux_virtual_machine.vmlinux",
            "module.vmlinux_N01605345.azurerm_network_interface.linux-nic",
            "module.vmlinux_N01605345.azurerm_public_ip.linux-pip"
          ]
        }
      ]
    },
    {
      "module": "module.loadbalancer_N01605345",
      "mode": "managed",
      "type": "azurerm_public_ip",
      "name": "loadbalancer-pip",
      "provider": "provider[\"registry.terraform.io/hashicorp/azurerm\"]",
      "instances": [
        {
          "schema_version": 0,
          "attributes": {
            "allocation_method": "Static",
            "ddos_protection_mode": "VirtualNetworkInherited",
            "ddos_protection_plan_id": null,
            "domain_name_label": null,
            "edge_zone": "",
            "fqdn": null,
            "id": "/subscriptions/ff585585-cedc-4bd2-9275-17f382d071e9/resourceGroups/N01605345_Rg/providers/Microsoft.Network/publicIPAddresses/N01605345_lb-pip",
            "idle_timeout_in_minutes": 4,
            "ip_address": "20.162.101.181",
            "ip_tags": null,
            "ip_version": "IPv4",
            "location": "ukwest",
            "name": "N01605345_lb-pip",
            "public_ip_prefix_id": null,
            "resource_group_name": "N01605345_Rg",
            "reverse_fqdn": null,
            "sku": "Basic",
            "sku_tier": "Regional",
            "tags": {
              "Assignment": "CCGC 5502 Automation Assignment",
              "Environment": "Learning",
              "ExpirationDate": "2024-12-31",
              "Name": "Balaudaykiran.Nerella"
            },
            "timeouts": null,
            "zones": null
          },
          "sensitive_attributes": [],
          "private": "eyJlMmJmYjczMC1lY2FhLTExZTYtOGY4OC0zNDM2M2JjN2M0YzAiOnsiY3JlYXRlIjoxODAwMDAwMDAwMDAwLCJkZWxldGUiOjE4MDAwMDAwMDAwMDAsInJlYWQiOjMwMDAwMDAwMDAwMCwidXBkYXRlIjoxODAwMDAwMDAwMDAwfX0=",
          "dependencies": [
            "module.rgroup_N01605345.azurerm_resource_group.N01605345_Rg"
          ]
        }
      ]
    },
    {
      "module": "module.network_N01605345",
      "mode": "managed",
      "type": "azurerm_network_security_group",
      "name": "nsg",
      "provider": "provider[\"registry.terraform.io/hashicorp/azurerm\"]",
      "instances": [
        {
          "schema_version": 0,
          "attributes": {
            "id": "/subscriptions/ff585585-cedc-4bd2-9275-17f382d071e9/resourceGroups/N01605345_Rg/providers/Microsoft.Network/networkSecurityGroups/N01605345_nsg",
            "location": "ukwest",
            "name": "N01605345_nsg",
            "resource_group_name": "N01605345_Rg",
            "security_rule": [
              {
                "access": "Allow",
                "description": "",
                "destination_address_prefix": "*",
                "destination_address_prefixes": [],
                "destination_application_security_group_ids": [],
                "destination_port_range": "22",
                "destination_port_ranges": [],
                "direction": "Inbound",
                "name": "rule1",
                "priority": 100,
                "protocol": "Tcp",
                "source_address_prefix": "*",
                "source_address_prefixes": [],
                "source_application_security_group_ids": [],
                "source_port_range": "*",
                "source_port_ranges": []
              },
              {
                "access": "Allow",
                "description": "",
                "destination_address_prefix": "*",
                "destination_address_prefixes": [],
                "destination_application_security_group_ids": [],
                "destination_port_range": "3389",
                "destination_port_ranges": [],
                "direction": "Inbound",
                "name": "rule2",
                "priority": 200,
                "protocol": "Tcp",
                "source_address_prefix": "*",
                "source_address_prefixes": [],
                "source_application_security_group_ids": [],
                "source_port_range": "*",
                "source_port_ranges": []
              },
              {
                "access": "Allow",
                "description": "",
                "destination_address_prefix": "*",
                "destination_address_prefixes": [],
                "destination_application_security_group_ids": [],
                "destination_port_range": "5985",
                "destination_port_ranges": [],
                "direction": "Inbound",
                "name": "rul3",
                "priority": 300,
                "protocol": "Tcp",
                "source_address_prefix": "*",
                "source_address_prefixes": [],
                "source_application_security_group_ids": [],
                "source_port_range": "*",
                "source_port_ranges": []
              },
              {
                "access": "Allow",
                "description": "",
                "destination_address_prefix": "*",
                "destination_address_prefixes": [],
                "destination_application_security_group_ids": [],
                "destination_port_range": "80",
                "destination_port_ranges": [],
                "direction": "Inbound",
                "name": "rule4",
                "priority": 400,
                "protocol": "Tcp",
                "source_address_prefix": "*",
                "source_address_prefixes": [],
                "source_application_security_group_ids": [],
                "source_port_range": "*",
                "source_port_ranges": []
              }
            ],
            "tags": {
              "Assignment": "CCGC 5502 Automation Assignment",
              "Environment": "Learning",
              "ExpirationDate": "2024-12-31",
              "Name": "Balaudaykiran.Nerella"
            },
            "timeouts": null
          },
          "sensitive_attributes": [],
          "private": "eyJlMmJmYjczMC1lY2FhLTExZTYtOGY4OC0zNDM2M2JjN2M0YzAiOnsiY3JlYXRlIjoxODAwMDAwMDAwMDAwLCJkZWxldGUiOjE4MDAwMDAwMDAwMDAsInJlYWQiOjMwMDAwMDAwMDAwMCwidXBkYXRlIjoxODAwMDAwMDAwMDAwfX0=",
          "dependencies": [
            "module.rgroup_N01605345.azurerm_resource_group.N01605345_Rg"
          ]
        }
      ]
    },
    {
      "module": "module.network_N01605345",
      "mode": "managed",
      "type": "azurerm_subnet",
      "name": "N01605345_subnet",
      "provider": "provider[\"registry.terraform.io/hashicorp/azurerm\"]",
      "instances": [
        {
          "schema_version": 0,
          "attributes": {
            "address_prefixes": [
              "10.0.0.0/24"
            ],
            "delegation": [],
            "enforce_private_link_endpoint_network_policies": false,
            "enforce_private_link_service_network_policies": false,
            "id": "/subscriptions/ff585585-cedc-4bd2-9275-17f382d071e9/resourceGroups/N01605345_Rg/providers/Microsoft.Network/virtualNetworks/N01605345_vnet/subnets/N01605345_subnet",
            "name": "N01605345_subnet",
            "private_endpoint_network_policies_enabled": true,
            "private_link_service_network_policies_enabled": true,
            "resource_group_name": "N01605345_Rg",
            "service_endpoint_policy_ids": null,
            "service_endpoints": null,
            "timeouts": null,
            "virtual_network_name": "N01605345_vnet"
          },
          "sensitive_attributes": [],
          "private": "eyJlMmJmYjczMC1lY2FhLTExZTYtOGY4OC0zNDM2M2JjN2M0YzAiOnsiY3JlYXRlIjoxODAwMDAwMDAwMDAwLCJkZWxldGUiOjE4MDAwMDAwMDAwMDAsInJlYWQiOjMwMDAwMDAwMDAwMCwidXBkYXRlIjoxODAwMDAwMDAwMDAwfX0=",
          "dependencies": [
            "module.network_N01605345.azurerm_virtual_network.N01605345_vnet",
            "module.rgroup_N01605345.azurerm_resource_group.N01605345_Rg"
          ]
        }
      ]
    },
    {
      "module": "module.network_N01605345",
      "mode": "managed",
      "type": "azurerm_subnet_network_security_group_association",
      "name": "nsg2asso",
      "provider": "provider[\"registry.terraform.io/hashicorp/azurerm\"]",
      "instances": [
        {
          "schema_version": 0,
          "attributes": {
            "id": "/subscriptions/ff585585-cedc-4bd2-9275-17f382d071e9/resourceGroups/N01605345_Rg/providers/Microsoft.Network/virtualNetworks/N01605345_vnet/subnets/N01605345_subnet",
            "network_security_group_id": "/subscriptions/ff585585-cedc-4bd2-9275-17f382d071e9/resourceGroups/N01605345_Rg/providers/Microsoft.Network/networkSecurityGroups/N01605345_nsg",
            "subnet_id": "/subscriptions/ff585585-cedc-4bd2-9275-17f382d071e9/resourceGroups/N01605345_Rg/providers/Microsoft.Network/virtualNetworks/N01605345_vnet/subnets/N01605345_subnet",
            "timeouts": null
          },
          "sensitive_attributes": [],
          "private": "eyJlMmJmYjczMC1lY2FhLTExZTYtOGY4OC0zNDM2M2JjN2M0YzAiOnsiY3JlYXRlIjoxODAwMDAwMDAwMDAwLCJkZWxldGUiOjE4MDAwMDAwMDAwMDAsInJlYWQiOjMwMDAwMDAwMDAwMH19",
          "dependencies": [
            "module.network_N01605345.azurerm_network_security_group.nsg",
            "module.network_N01605345.azurerm_subnet.N01605345_subnet",
            "module.network_N01605345.azurerm_virtual_network.N01605345_vnet",
            "module.rgroup_N01605345.azurerm_resource_group.N01605345_Rg"
          ]
        }
      ]
    },
    {
      "module": "module.network_N01605345",
      "mode": "managed",
      "type": "azurerm_virtual_network",
      "name": "N01605345_vnet",
      "provider": "provider[\"registry.terraform.io/hashicorp/azurerm\"]",
      "instances": [
        {
          "schema_version": 0,
          "attributes": {
            "address_space": [
              "10.0.0.0/16"
            ],
            "bgp_community": "",
            "ddos_protection_plan": [],
            "dns_servers": [],
            "edge_zone": "",
            "encryption": [],
            "flow_timeout_in_minutes": 0,
            "guid": "9a8c088e-cb56-4bc6-a466-035921356c07",
            "id": "/subscriptions/ff585585-cedc-4bd2-9275-17f382d071e9/resourceGroups/N01605345_Rg/providers/Microsoft.Network/virtualNetworks/N01605345_vnet",
            "location": "ukwest",
            "name": "N01605345_vnet",
            "resource_group_name": "N01605345_Rg",
            "subnet": [],
            "tags": {
              "Assignment": "CCGC 5502 Automation Assignment",
              "Environment": "Learning",
              "ExpirationDate": "2024-12-31",
              "Name": "Balaudaykiran.Nerella"
            },
            "timeouts": null
          },
          "sensitive_attributes": [],
          "private": "eyJlMmJmYjczMC1lY2FhLTExZTYtOGY4OC0zNDM2M2JjN2M0YzAiOnsiY3JlYXRlIjoxODAwMDAwMDAwMDAwLCJkZWxldGUiOjE4MDAwMDAwMDAwMDAsInJlYWQiOjMwMDAwMDAwMDAwMCwidXBkYXRlIjoxODAwMDAwMDAwMDAwfX0=",
          "dependencies": [
            "module.rgroup_N01605345.azurerm_resource_group.N01605345_Rg"
          ]
        }
      ]
    },
    {
      "module": "module.rgroup_N01605345",
      "mode": "managed",
      "type": "azurerm_resource_group",
      "name": "N01605345_Rg",
      "provider": "provider[\"registry.terraform.io/hashicorp/azurerm\"]",
      "instances": [
        {
          "schema_version": 0,
          "attributes": {
            "id": "/subscriptions/ff585585-cedc-4bd2-9275-17f382d071e9/resourceGroups/N01605345_Rg",
            "location": "ukwest",
            "managed_by": "",
            "name": "N01605345_Rg",
            "tags": {
              "Assignment": "CCGC 5502 Automation Assignment",
              "Environment": "Learning",
              "ExpirationDate": "2024-12-31",
              "Name": "Balaudaykiran.Nerella"
            },
            "timeouts": null
          },
          "sensitive_attributes": [],
          "private": "eyJlMmJmYjczMC1lY2FhLTExZTYtOGY4OC0zNDM2M2JjN2M0YzAiOnsiY3JlYXRlIjo1NDAwMDAwMDAwMDAwLCJkZWxldGUiOjU0MDAwMDAwMDAwMDAsInJlYWQiOjMwMDAwMDAwMDAwMCwidXBkYXRlIjo1NDAwMDAwMDAwMDAwfX0="
        }
      ]
    },
    {
      "module": "module.vmlinux_N01605345",
      "mode": "managed",
      "type": "azurerm_availability_set",
      "name": "linux_avs",
      "provider": "provider[\"registry.terraform.io/hashicorp/azurerm\"]",
      "instances": [
        {
          "schema_version": 0,
          "attributes": {
            "id": "/subscriptions/ff585585-cedc-4bd2-9275-17f382d071e9/resourceGroups/N01605345_Rg/providers/Microsoft.Compute/availabilitySets/n01605345-vm-avs",
            "location": "ukwest",
            "managed": true,
            "name": "n01605345-vm-avs",
            "platform_fault_domain_count": 2,
            "platform_update_domain_count": 5,
            "proximity_placement_group_id": null,
            "resource_group_name": "N01605345_Rg",
            "tags": {
              "Assignment": "CCGC 5502 Automation Assignment",
              "Environment": "Learning",
              "ExpirationDate": "2024-12-31",
              "Name": "Balaudaykiran.Nerella"
            },
            "timeouts": null
          },
          "sensitive_attributes": [],
          "private": "eyJlMmJmYjczMC1lY2FhLTExZTYtOGY4OC0zNDM2M2JjN2M0YzAiOnsiY3JlYXRlIjoxODAwMDAwMDAwMDAwLCJkZWxldGUiOjE4MDAwMDAwMDAwMDAsInJlYWQiOjMwMDAwMDAwMDAwMCwidXBkYXRlIjoxODAwMDAwMDAwMDAwfX0=",
          "dependencies": [
            "module.rgroup_N01605345.azurerm_resource_group.N01605345_Rg"
          ]
        }
      ]
    },
    {
      "module": "module.vmlinux_N01605345",
      "mode": "managed",
      "type": "azurerm_linux_virtual_machine",
      "name": "vmlinux",
      "provider": "provider[\"registry.terraform.io/hashicorp/azurerm\"]",
      "instances": [
        {
          "index_key": "1",
          "schema_version": 0,
          "attributes": {
            "additional_capabilities": [],
            "admin_password": null,
            "admin_ssh_key": [
              {
                "public_key": "ssh-rsa AAAAB3NzaC1yc2EAAAADAQABAAABgQCq6lDT7nQJCPRNcPysOP0z/NcI0RFQTyYykrrWc4mR+j/SuGPYP0h/GV8RGAJXG/3D3fWJjqHR1HADd9amWqKYdNsh8PCNoM9w+w8csX8aYdqe7YaSoD6pP+bhtkUYK0b4Yv7Hgqo487/LmLPB+X6awGlBsdD24vyxYv2kwwUZCDsGhvvca4qZ3ehzlHWF3bC/72UIfC9Z9zsLA3PsCCLJrf/5TrsQi642XBZlkW4pyLnnqLBmRNEz2Nq9ZABCGlfaDFXH+GiVbKnlhyNqSMOwYVgLtyktzPiLz6A92FYwLQ3tkAUIJjxumPcyqVLXlJAfiF41S58ABDT3Tf0CT428V+cOP0ViSroyRZHsa7w6fG0vBtzI8yPagUZWgjgwAPWqLYiEkz3GVJcc8PKGm9dIShhKDLAXsEIbBEKI+8bSWmqmI/BrFISS4DH8vtoL6DVm/lyeUidet9orgcwY/gdNwDoP2JvwZ3bgOyn5E7Ji4q0DdCJ5nGcE5ZUiewMAWB8= uday@BackBench3r\n",
                "username": "uday"
              }
            ],
            "admin_username": "uday",
            "allow_extension_operations": true,
            "availability_set_id": "/subscriptions/ff585585-cedc-4bd2-9275-17f382d071e9/resourceGroups/N01605345_Rg/providers/Microsoft.Compute/availabilitySets/N01605345-VM-AVS",
            "boot_diagnostics": [
              {
                "storage_account_uri": "https://storage5345.blob.core.windows.net/"
              }
            ],
            "bypass_platform_safety_checks_on_user_schedule_enabled": false,
            "capacity_reservation_group_id": "",
            "computer_name": "n01605345-vm-1",
            "custom_data": null,
            "dedicated_host_group_id": "",
            "dedicated_host_id": "",
            "disable_password_authentication": true,
            "edge_zone": "",
            "encryption_at_host_enabled": false,
            "eviction_policy": "",
            "extensions_time_budget": "PT1H30M",
            "gallery_application": [],
            "id": "/subscriptions/ff585585-cedc-4bd2-9275-17f382d071e9/resourceGroups/N01605345_Rg/providers/Microsoft.Compute/virtualMachines/n01605345-vm-1",
            "identity": [],
            "license_type": "",
            "location": "ukwest",
            "max_bid_price": -1,
            "name": "n01605345-vm-1",
            "network_interface_ids": [
              "/subscriptions/ff585585-cedc-4bd2-9275-17f382d071e9/resourceGroups/N01605345_Rg/providers/Microsoft.Network/networkInterfaces/n01605345-vm-nic-1"
            ],
            "os_disk": [
              {
                "caching": "ReadWrite",
                "diff_disk_settings": [],
                "disk_encryption_set_id": "",
                "disk_size_gb": 30,
                "name": "n01605345-vm-osdisk-1",
                "secure_vm_disk_encryption_set_id": "",
                "security_encryption_type": "",
                "storage_account_type": "Premium_LRS",
                "write_accelerator_enabled": false
              }
            ],
            "patch_assessment_mode": "ImageDefault",
            "patch_mode": "ImageDefault",
            "plan": [],
            "platform_fault_domain": -1,
            "priority": "Regular",
            "private_ip_address": "10.0.0.4",
            "private_ip_addresses": [
              "10.0.0.4"
            ],
            "provision_vm_agent": true,
            "proximity_placement_group_id": "",
            "public_ip_address": "20.162.98.193",
            "public_ip_addresses": [
              "20.162.98.193"
            ],
            "reboot_setting": "",
            "resource_group_name": "N01605345_Rg",
            "secret": [],
            "secure_boot_enabled": false,
            "size": "Standard_B1s",
            "source_image_id": "",
            "source_image_reference": [
              {
                "offer": "CentOS",
                "publisher": "OpenLogic",
                "sku": "8_2",
                "version": "latest"
              }
            ],
            "tags": {
              "Assignment": "CCGC 5502 Automation Assignment",
              "Environment": "Learning",
              "ExpirationDate": "2024-12-31",
              "Name": "Balaudaykiran.Nerella"
            },
            "termination_notification": null,
            "timeouts": null,
            "user_data": "",
            "virtual_machine_id": "ab071e67-9ef7-461b-bd90-0466681d18ab",
            "virtual_machine_scale_set_id": "",
            "vtpm_enabled": false,
            "zone": ""
          },
          "sensitive_attributes": [],
          "private": "eyJlMmJmYjczMC1lY2FhLTExZTYtOGY4OC0zNDM2M2JjN2M0YzAiOnsiY3JlYXRlIjoyNzAwMDAwMDAwMDAwLCJkZWxldGUiOjI3MDAwMDAwMDAwMDAsInJlYWQiOjMwMDAwMDAwMDAwMCwidXBkYXRlIjoyNzAwMDAwMDAwMDAwfX0=",
          "dependencies": [
            "module.common_N01605345.azurerm_storage_account.storage_account",
            "module.network_N01605345.azurerm_subnet.N01605345_subnet",
            "module.network_N01605345.azurerm_virtual_network.N01605345_vnet",
            "module.rgroup_N01605345.azurerm_resource_group.N01605345_Rg",
            "module.vmlinux_N01605345.azurerm_availability_set.linux_avs",
            "module.vmlinux_N01605345.azurerm_network_interface.linux-nic",
            "module.vmlinux_N01605345.azurerm_public_ip.linux-pip"
          ]
        },
        {
          "index_key": "2",
          "schema_version": 0,
          "attributes": {
            "additional_capabilities": [],
            "admin_password": null,
            "admin_ssh_key": [
              {
                "public_key": "ssh-rsa AAAAB3NzaC1yc2EAAAADAQABAAABgQCq6lDT7nQJCPRNcPysOP0z/NcI0RFQTyYykrrWc4mR+j/SuGPYP0h/GV8RGAJXG/3D3fWJjqHR1HADd9amWqKYdNsh8PCNoM9w+w8csX8aYdqe7YaSoD6pP+bhtkUYK0b4Yv7Hgqo487/LmLPB+X6awGlBsdD24vyxYv2kwwUZCDsGhvvca4qZ3ehzlHWF3bC/72UIfC9Z9zsLA3PsCCLJrf/5TrsQi642XBZlkW4pyLnnqLBmRNEz2Nq9ZABCGlfaDFXH+GiVbKnlhyNqSMOwYVgLtyktzPiLz6A92FYwLQ3tkAUIJjxumPcyqVLXlJAfiF41S58ABDT3Tf0CT428V+cOP0ViSroyRZHsa7w6fG0vBtzI8yPagUZWgjgwAPWqLYiEkz3GVJcc8PKGm9dIShhKDLAXsEIbBEKI+8bSWmqmI/BrFISS4DH8vtoL6DVm/lyeUidet9orgcwY/gdNwDoP2JvwZ3bgOyn5E7Ji4q0DdCJ5nGcE5ZUiewMAWB8= uday@BackBench3r\n",
                "username": "uday"
              }
            ],
            "admin_username": "uday",
            "allow_extension_operations": true,
            "availability_set_id": "/subscriptions/ff585585-cedc-4bd2-9275-17f382d071e9/resourceGroups/N01605345_Rg/providers/Microsoft.Compute/availabilitySets/N01605345-VM-AVS",
            "boot_diagnostics": [
              {
                "storage_account_uri": "https://storage5345.blob.core.windows.net/"
              }
            ],
            "bypass_platform_safety_checks_on_user_schedule_enabled": false,
            "capacity_reservation_group_id": "",
            "computer_name": "n01605345-vm-2",
            "custom_data": null,
            "dedicated_host_group_id": "",
            "dedicated_host_id": "",
            "disable_password_authentication": true,
            "edge_zone": "",
            "encryption_at_host_enabled": false,
            "eviction_policy": "",
            "extensions_time_budget": "PT1H30M",
            "gallery_application": [],
            "id": "/subscriptions/ff585585-cedc-4bd2-9275-17f382d071e9/resourceGroups/N01605345_Rg/providers/Microsoft.Compute/virtualMachines/n01605345-vm-2",
            "identity": [],
            "license_type": "",
            "location": "ukwest",
            "max_bid_price": -1,
            "name": "n01605345-vm-2",
            "network_interface_ids": [
              "/subscriptions/ff585585-cedc-4bd2-9275-17f382d071e9/resourceGroups/N01605345_Rg/providers/Microsoft.Network/networkInterfaces/n01605345-vm-nic-2"
            ],
            "os_disk": [
              {
                "caching": "ReadWrite",
                "diff_disk_settings": [],
                "disk_encryption_set_id": "",
                "disk_size_gb": 30,
                "name": "n01605345-vm-osdisk-2",
                "secure_vm_disk_encryption_set_id": "",
                "security_encryption_type": "",
                "storage_account_type": "Premium_LRS",
                "write_accelerator_enabled": false
              }
            ],
            "patch_assessment_mode": "ImageDefault",
            "patch_mode": "ImageDefault",
            "plan": [],
            "platform_fault_domain": -1,
            "priority": "Regular",
            "private_ip_address": "10.0.0.5",
            "private_ip_addresses": [
              "10.0.0.5"
            ],
            "provision_vm_agent": true,
            "proximity_placement_group_id": "",
            "public_ip_address": "20.162.99.167",
            "public_ip_addresses": [
              "20.162.99.167"
            ],
            "reboot_setting": "",
            "resource_group_name": "N01605345_Rg",
            "secret": [],
            "secure_boot_enabled": false,
            "size": "Standard_B1s",
            "source_image_id": "",
            "source_image_reference": [
              {
                "offer": "CentOS",
                "publisher": "OpenLogic",
                "sku": "8_2",
                "version": "latest"
              }
            ],
            "tags": {
              "Assignment": "CCGC 5502 Automation Assignment",
              "Environment": "Learning",
              "ExpirationDate": "2024-12-31",
              "Name": "Balaudaykiran.Nerella"
            },
            "termination_notification": null,
            "timeouts": null,
            "user_data": "",
            "virtual_machine_id": "133a39d0-c7e7-47d8-aa9f-420a433247e4",
            "virtual_machine_scale_set_id": "",
            "vtpm_enabled": false,
            "zone": ""
          },
          "sensitive_attributes": [],
          "private": "eyJlMmJmYjczMC1lY2FhLTExZTYtOGY4OC0zNDM2M2JjN2M0YzAiOnsiY3JlYXRlIjoyNzAwMDAwMDAwMDAwLCJkZWxldGUiOjI3MDAwMDAwMDAwMDAsInJlYWQiOjMwMDAwMDAwMDAwMCwidXBkYXRlIjoyNzAwMDAwMDAwMDAwfX0=",
          "dependencies": [
            "module.common_N01605345.azurerm_storage_account.storage_account",
            "module.network_N01605345.azurerm_subnet.N01605345_subnet",
            "module.network_N01605345.azurerm_virtual_network.N01605345_vnet",
            "module.rgroup_N01605345.azurerm_resource_group.N01605345_Rg",
            "module.vmlinux_N01605345.azurerm_availability_set.linux_avs",
            "module.vmlinux_N01605345.azurerm_network_interface.linux-nic",
            "module.vmlinux_N01605345.azurerm_public_ip.linux-pip"
          ]
        },
        {
          "index_key": "3",
          "schema_version": 0,
          "attributes": {
            "additional_capabilities": [],
            "admin_password": null,
            "admin_ssh_key": [
              {
                "public_key": "ssh-rsa AAAAB3NzaC1yc2EAAAADAQABAAABgQCq6lDT7nQJCPRNcPysOP0z/NcI0RFQTyYykrrWc4mR+j/SuGPYP0h/GV8RGAJXG/3D3fWJjqHR1HADd9amWqKYdNsh8PCNoM9w+w8csX8aYdqe7YaSoD6pP+bhtkUYK0b4Yv7Hgqo487/LmLPB+X6awGlBsdD24vyxYv2kwwUZCDsGhvvca4qZ3ehzlHWF3bC/72UIfC9Z9zsLA3PsCCLJrf/5TrsQi642XBZlkW4pyLnnqLBmRNEz2Nq9ZABCGlfaDFXH+GiVbKnlhyNqSMOwYVgLtyktzPiLz6A92FYwLQ3tkAUIJjxumPcyqVLXlJAfiF41S58ABDT3Tf0CT428V+cOP0ViSroyRZHsa7w6fG0vBtzI8yPagUZWgjgwAPWqLYiEkz3GVJcc8PKGm9dIShhKDLAXsEIbBEKI+8bSWmqmI/BrFISS4DH8vtoL6DVm/lyeUidet9orgcwY/gdNwDoP2JvwZ3bgOyn5E7Ji4q0DdCJ5nGcE5ZUiewMAWB8= uday@BackBench3r\n",
                "username": "uday"
              }
            ],
            "admin_username": "uday",
            "allow_extension_operations": true,
            "availability_set_id": "/subscriptions/ff585585-cedc-4bd2-9275-17f382d071e9/resourceGroups/N01605345_Rg/providers/Microsoft.Compute/availabilitySets/N01605345-VM-AVS",
            "boot_diagnostics": [
              {
                "storage_account_uri": "https://storage5345.blob.core.windows.net/"
              }
            ],
            "bypass_platform_safety_checks_on_user_schedule_enabled": false,
            "capacity_reservation_group_id": "",
            "computer_name": "n01605345-vm-3",
            "custom_data": null,
            "dedicated_host_group_id": "",
            "dedicated_host_id": "",
            "disable_password_authentication": true,
            "edge_zone": "",
            "encryption_at_host_enabled": false,
            "eviction_policy": "",
            "extensions_time_budget": "PT1H30M",
            "gallery_application": [],
            "id": "/subscriptions/ff585585-cedc-4bd2-9275-17f382d071e9/resourceGroups/N01605345_Rg/providers/Microsoft.Compute/virtualMachines/n01605345-vm-3",
            "identity": [],
            "license_type": "",
            "location": "ukwest",
            "max_bid_price": -1,
            "name": "n01605345-vm-3",
            "network_interface_ids": [
              "/subscriptions/ff585585-cedc-4bd2-9275-17f382d071e9/resourceGroups/N01605345_Rg/providers/Microsoft.Network/networkInterfaces/n01605345-vm-nic-3"
            ],
            "os_disk": [
              {
                "caching": "ReadWrite",
                "diff_disk_settings": [],
                "disk_encryption_set_id": "",
                "disk_size_gb": 30,
                "name": "n01605345-vm-osdisk-3",
                "secure_vm_disk_encryption_set_id": "",
                "security_encryption_type": "",
                "storage_account_type": "Premium_LRS",
                "write_accelerator_enabled": false
              }
            ],
            "patch_assessment_mode": "ImageDefault",
            "patch_mode": "ImageDefault",
            "plan": [],
            "platform_fault_domain": -1,
            "priority": "Regular",
            "private_ip_address": "10.0.0.7",
            "private_ip_addresses": [
              "10.0.0.7"
            ],
            "provision_vm_agent": true,
            "proximity_placement_group_id": "",
            "public_ip_address": "20.162.99.131",
            "public_ip_addresses": [
              "20.162.99.131"
            ],
            "reboot_setting": "",
            "resource_group_name": "N01605345_Rg",
            "secret": [],
            "secure_boot_enabled": false,
            "size": "Standard_B1s",
            "source_image_id": "",
            "source_image_reference": [
              {
                "offer": "CentOS",
                "publisher": "OpenLogic",
                "sku": "8_2",
                "version": "latest"
              }
            ],
            "tags": {
              "Assignment": "CCGC 5502 Automation Assignment",
              "Environment": "Learning",
              "ExpirationDate": "2024-12-31",
              "Name": "Balaudaykiran.Nerella"
            },
            "termination_notification": null,
            "timeouts": null,
            "user_data": "",
            "virtual_machine_id": "6c1126a0-d89b-40c1-a544-835d84921a0d",
            "virtual_machine_scale_set_id": "",
            "vtpm_enabled": false,
            "zone": ""
          },
          "sensitive_attributes": [],
          "private": "eyJlMmJmYjczMC1lY2FhLTExZTYtOGY4OC0zNDM2M2JjN2M0YzAiOnsiY3JlYXRlIjoyNzAwMDAwMDAwMDAwLCJkZWxldGUiOjI3MDAwMDAwMDAwMDAsInJlYWQiOjMwMDAwMDAwMDAwMCwidXBkYXRlIjoyNzAwMDAwMDAwMDAwfX0=",
          "dependencies": [
            "module.common_N01605345.azurerm_storage_account.storage_account",
            "module.network_N01605345.azurerm_subnet.N01605345_subnet",
            "module.network_N01605345.azurerm_virtual_network.N01605345_vnet",
            "module.rgroup_N01605345.azurerm_resource_group.N01605345_Rg",
            "module.vmlinux_N01605345.azurerm_availability_set.linux_avs",
            "module.vmlinux_N01605345.azurerm_network_interface.linux-nic",
            "module.vmlinux_N01605345.azurerm_public_ip.linux-pip"
          ]
        }
      ]
    },
    {
      "module": "module.vmlinux_N01605345",
      "mode": "managed",
      "type": "azurerm_network_interface",
      "name": "linux-nic",
      "provider": "provider[\"registry.terraform.io/hashicorp/azurerm\"]",
      "instances": [
        {
          "index_key": "1",
          "schema_version": 0,
          "attributes": {
            "applied_dns_servers": [],
            "auxiliary_mode": "",
            "auxiliary_sku": "",
            "dns_servers": [],
            "edge_zone": "",
            "enable_accelerated_networking": false,
            "enable_ip_forwarding": false,
            "id": "/subscriptions/ff585585-cedc-4bd2-9275-17f382d071e9/resourceGroups/N01605345_Rg/providers/Microsoft.Network/networkInterfaces/n01605345-vm-nic-1",
            "internal_dns_name_label": "",
            "internal_domain_name_suffix": "ryeizgswzpdexjdganmscnlmah.cwx.internal.cloudapp.net",
            "ip_configuration": [
              {
                "gateway_load_balancer_frontend_ip_configuration_id": "",
                "name": "n01605345-vm-ipconfig-1",
                "primary": true,
                "private_ip_address": "10.0.0.4",
                "private_ip_address_allocation": "Dynamic",
                "private_ip_address_version": "IPv4",
                "public_ip_address_id": "/subscriptions/ff585585-cedc-4bd2-9275-17f382d071e9/resourceGroups/N01605345_Rg/providers/Microsoft.Network/publicIPAddresses/n01605345-vm-pip-1",
                "subnet_id": "/subscriptions/ff585585-cedc-4bd2-9275-17f382d071e9/resourceGroups/N01605345_Rg/providers/Microsoft.Network/virtualNetworks/N01605345_vnet/subnets/N01605345_subnet"
              }
            ],
            "location": "ukwest",
            "mac_address": "",
            "name": "n01605345-vm-nic-1",
            "private_ip_address": "10.0.0.4",
            "private_ip_addresses": [
              "10.0.0.4"
            ],
            "resource_group_name": "N01605345_Rg",
            "tags": {
              "Assignment": "CCGC 5502 Automation Assignment",
              "Environment": "Learning",
              "ExpirationDate": "2024-12-31",
              "Name": "Balaudaykiran.Nerella"
            },
            "timeouts": null,
            "virtual_machine_id": ""
          },
          "sensitive_attributes": [],
          "private": "eyJlMmJmYjczMC1lY2FhLTExZTYtOGY4OC0zNDM2M2JjN2M0YzAiOnsiY3JlYXRlIjoxODAwMDAwMDAwMDAwLCJkZWxldGUiOjE4MDAwMDAwMDAwMDAsInJlYWQiOjMwMDAwMDAwMDAwMCwidXBkYXRlIjoxODAwMDAwMDAwMDAwfX0=",
          "dependencies": [
            "module.network_N01605345.azurerm_subnet.N01605345_subnet",
            "module.network_N01605345.azurerm_virtual_network.N01605345_vnet",
            "module.rgroup_N01605345.azurerm_resource_group.N01605345_Rg",
            "module.vmlinux_N01605345.azurerm_public_ip.linux-pip"
          ]
        },
        {
          "index_key": "2",
          "schema_version": 0,
          "attributes": {
            "applied_dns_servers": [],
            "auxiliary_mode": "",
            "auxiliary_sku": "",
            "dns_servers": [],
            "edge_zone": "",
            "enable_accelerated_networking": false,
            "enable_ip_forwarding": false,
            "id": "/subscriptions/ff585585-cedc-4bd2-9275-17f382d071e9/resourceGroups/N01605345_Rg/providers/Microsoft.Network/networkInterfaces/n01605345-vm-nic-2",
            "internal_dns_name_label": "",
            "internal_domain_name_suffix": "ryeizgswzpdexjdganmscnlmah.cwx.internal.cloudapp.net",
            "ip_configuration": [
              {
                "gateway_load_balancer_frontend_ip_configuration_id": "",
                "name": "n01605345-vm-ipconfig-2",
                "primary": true,
                "private_ip_address": "10.0.0.5",
                "private_ip_address_allocation": "Dynamic",
                "private_ip_address_version": "IPv4",
                "public_ip_address_id": "/subscriptions/ff585585-cedc-4bd2-9275-17f382d071e9/resourceGroups/N01605345_Rg/providers/Microsoft.Network/publicIPAddresses/n01605345-vm-pip-2",
                "subnet_id": "/subscriptions/ff585585-cedc-4bd2-9275-17f382d071e9/resourceGroups/N01605345_Rg/providers/Microsoft.Network/virtualNetworks/N01605345_vnet/subnets/N01605345_subnet"
              }
            ],
            "location": "ukwest",
            "mac_address": "",
            "name": "n01605345-vm-nic-2",
            "private_ip_address": "10.0.0.5",
            "private_ip_addresses": [
              "10.0.0.5"
            ],
            "resource_group_name": "N01605345_Rg",
            "tags": {
              "Assignment": "CCGC 5502 Automation Assignment",
              "Environment": "Learning",
              "ExpirationDate": "2024-12-31",
              "Name": "Balaudaykiran.Nerella"
            },
            "timeouts": null,
            "virtual_machine_id": ""
          },
          "sensitive_attributes": [],
          "private": "eyJlMmJmYjczMC1lY2FhLTExZTYtOGY4OC0zNDM2M2JjN2M0YzAiOnsiY3JlYXRlIjoxODAwMDAwMDAwMDAwLCJkZWxldGUiOjE4MDAwMDAwMDAwMDAsInJlYWQiOjMwMDAwMDAwMDAwMCwidXBkYXRlIjoxODAwMDAwMDAwMDAwfX0=",
          "dependencies": [
            "module.network_N01605345.azurerm_subnet.N01605345_subnet",
            "module.network_N01605345.azurerm_virtual_network.N01605345_vnet",
            "module.rgroup_N01605345.azurerm_resource_group.N01605345_Rg",
            "module.vmlinux_N01605345.azurerm_public_ip.linux-pip"
          ]
        },
        {
          "index_key": "3",
          "schema_version": 0,
          "attributes": {
            "applied_dns_servers": [],
            "auxiliary_mode": "",
            "auxiliary_sku": "",
            "dns_servers": [],
            "edge_zone": "",
            "enable_accelerated_networking": false,
            "enable_ip_forwarding": false,
            "id": "/subscriptions/ff585585-cedc-4bd2-9275-17f382d071e9/resourceGroups/N01605345_Rg/providers/Microsoft.Network/networkInterfaces/n01605345-vm-nic-3",
            "internal_dns_name_label": "",
            "internal_domain_name_suffix": "ryeizgswzpdexjdganmscnlmah.cwx.internal.cloudapp.net",
            "ip_configuration": [
              {
                "gateway_load_balancer_frontend_ip_configuration_id": "",
                "name": "n01605345-vm-ipconfig-3",
                "primary": true,
                "private_ip_address": "10.0.0.7",
                "private_ip_address_allocation": "Dynamic",
                "private_ip_address_version": "IPv4",
                "public_ip_address_id": "/subscriptions/ff585585-cedc-4bd2-9275-17f382d071e9/resourceGroups/N01605345_Rg/providers/Microsoft.Network/publicIPAddresses/n01605345-vm-pip-3",
                "subnet_id": "/subscriptions/ff585585-cedc-4bd2-9275-17f382d071e9/resourceGroups/N01605345_Rg/providers/Microsoft.Network/virtualNetworks/N01605345_vnet/subnets/N01605345_subnet"
              }
            ],
            "location": "ukwest",
            "mac_address": "",
            "name": "n01605345-vm-nic-3",
            "private_ip_address": "10.0.0.7",
            "private_ip_addresses": [
              "10.0.0.7"
            ],
            "resource_group_name": "N01605345_Rg",
            "tags": {
              "Assignment": "CCGC 5502 Automation Assignment",
              "Environment": "Learning",
              "ExpirationDate": "2024-12-31",
              "Name": "Balaudaykiran.Nerella"
            },
            "timeouts": null,
            "virtual_machine_id": ""
          },
          "sensitive_attributes": [],
          "private": "eyJlMmJmYjczMC1lY2FhLTExZTYtOGY4OC0zNDM2M2JjN2M0YzAiOnsiY3JlYXRlIjoxODAwMDAwMDAwMDAwLCJkZWxldGUiOjE4MDAwMDAwMDAwMDAsInJlYWQiOjMwMDAwMDAwMDAwMCwidXBkYXRlIjoxODAwMDAwMDAwMDAwfX0=",
          "dependencies": [
            "module.network_N01605345.azurerm_subnet.N01605345_subnet",
            "module.network_N01605345.azurerm_virtual_network.N01605345_vnet",
            "module.rgroup_N01605345.azurerm_resource_group.N01605345_Rg",
            "module.vmlinux_N01605345.azurerm_public_ip.linux-pip"
          ]
        }
      ]
    },
    {
      "module": "module.vmlinux_N01605345",
      "mode": "managed",
      "type": "azurerm_public_ip",
      "name": "linux-pip",
      "provider": "provider[\"registry.terraform.io/hashicorp/azurerm\"]",
      "instances": [
        {
          "index_key": "1",
          "schema_version": 0,
          "attributes": {
            "allocation_method": "Dynamic",
            "ddos_protection_mode": "VirtualNetworkInherited",
            "ddos_protection_plan_id": null,
            "domain_name_label": "n01605345-vm1",
            "edge_zone": "",
            "fqdn": "n01605345-vm1.ukwest.cloudapp.azure.com",
            "id": "/subscriptions/ff585585-cedc-4bd2-9275-17f382d071e9/resourceGroups/N01605345_Rg/providers/Microsoft.Network/publicIPAddresses/n01605345-vm-pip-1",
            "idle_timeout_in_minutes": 4,
            "ip_address": "",
            "ip_tags": null,
            "ip_version": "IPv4",
            "location": "ukwest",
            "name": "n01605345-vm-pip-1",
            "public_ip_prefix_id": null,
            "resource_group_name": "N01605345_Rg",
            "reverse_fqdn": "",
            "sku": "Basic",
            "sku_tier": "Regional",
            "tags": {
              "Assignment": "CCGC 5502 Automation Assignment",
              "Environment": "Learning",
              "ExpirationDate": "2024-12-31",
              "Name": "Balaudaykiran.Nerella"
            },
            "timeouts": null,
            "zones": null
          },
          "sensitive_attributes": [],
          "private": "eyJlMmJmYjczMC1lY2FhLTExZTYtOGY4OC0zNDM2M2JjN2M0YzAiOnsiY3JlYXRlIjoxODAwMDAwMDAwMDAwLCJkZWxldGUiOjE4MDAwMDAwMDAwMDAsInJlYWQiOjMwMDAwMDAwMDAwMCwidXBkYXRlIjoxODAwMDAwMDAwMDAwfX0=",
          "dependencies": [
            "module.rgroup_N01605345.azurerm_resource_group.N01605345_Rg"
          ]
        },
        {
          "index_key": "2",
          "schema_version": 0,
          "attributes": {
            "allocation_method": "Dynamic",
            "ddos_protection_mode": "VirtualNetworkInherited",
            "ddos_protection_plan_id": null,
            "domain_name_label": "n01605345-vm2",
            "edge_zone": "",
            "fqdn": "n01605345-vm2.ukwest.cloudapp.azure.com",
            "id": "/subscriptions/ff585585-cedc-4bd2-9275-17f382d071e9/resourceGroups/N01605345_Rg/providers/Microsoft.Network/publicIPAddresses/n01605345-vm-pip-2",
            "idle_timeout_in_minutes": 4,
            "ip_address": "",
            "ip_tags": null,
            "ip_version": "IPv4",
            "location": "ukwest",
            "name": "n01605345-vm-pip-2",
            "public_ip_prefix_id": null,
            "resource_group_name": "N01605345_Rg",
            "reverse_fqdn": "",
            "sku": "Basic",
            "sku_tier": "Regional",
            "tags": {
              "Assignment": "CCGC 5502 Automation Assignment",
              "Environment": "Learning",
              "ExpirationDate": "2024-12-31",
              "Name": "Balaudaykiran.Nerella"
            },
            "timeouts": null,
            "zones": null
          },
          "sensitive_attributes": [],
          "private": "eyJlMmJmYjczMC1lY2FhLTExZTYtOGY4OC0zNDM2M2JjN2M0YzAiOnsiY3JlYXRlIjoxODAwMDAwMDAwMDAwLCJkZWxldGUiOjE4MDAwMDAwMDAwMDAsInJlYWQiOjMwMDAwMDAwMDAwMCwidXBkYXRlIjoxODAwMDAwMDAwMDAwfX0=",
          "dependencies": [
            "module.rgroup_N01605345.azurerm_resource_group.N01605345_Rg"
          ]
        },
        {
          "index_key": "3",
          "schema_version": 0,
          "attributes": {
            "allocation_method": "Dynamic",
            "ddos_protection_mode": "VirtualNetworkInherited",
            "ddos_protection_plan_id": null,
            "domain_name_label": "n01605345-vm3",
            "edge_zone": "",
            "fqdn": "n01605345-vm3.ukwest.cloudapp.azure.com",
            "id": "/subscriptions/ff585585-cedc-4bd2-9275-17f382d071e9/resourceGroups/N01605345_Rg/providers/Microsoft.Network/publicIPAddresses/n01605345-vm-pip-3",
            "idle_timeout_in_minutes": 4,
            "ip_address": "",
            "ip_tags": null,
            "ip_version": "IPv4",
            "location": "ukwest",
            "name": "n01605345-vm-pip-3",
            "public_ip_prefix_id": null,
            "resource_group_name": "N01605345_Rg",
            "reverse_fqdn": "",
            "sku": "Basic",
            "sku_tier": "Regional",
            "tags": {
              "Assignment": "CCGC 5502 Automation Assignment",
              "Environment": "Learning",
              "ExpirationDate": "2024-12-31",
              "Name": "Balaudaykiran.Nerella"
            },
            "timeouts": null,
            "zones": null
          },
          "sensitive_attributes": [],
          "private": "eyJlMmJmYjczMC1lY2FhLTExZTYtOGY4OC0zNDM2M2JjN2M0YzAiOnsiY3JlYXRlIjoxODAwMDAwMDAwMDAwLCJkZWxldGUiOjE4MDAwMDAwMDAwMDAsInJlYWQiOjMwMDAwMDAwMDAwMCwidXBkYXRlIjoxODAwMDAwMDAwMDAwfX0=",
          "dependencies": [
            "module.rgroup_N01605345.azurerm_resource_group.N01605345_Rg"
          ]
        }
      ]
    },
    {
      "module": "module.vmlinux_N01605345",
      "mode": "managed",
      "type": "azurerm_virtual_machine_extension",
      "name": "azure_monitor",
      "provider": "provider[\"registry.terraform.io/hashicorp/azurerm\"]",
      "instances": [
        {
          "index_key": "1",
          "schema_version": 0,
          "attributes": {
            "auto_upgrade_minor_version": true,
            "automatic_upgrade_enabled": false,
            "failure_suppression_enabled": false,
            "id": "/subscriptions/ff585585-cedc-4bd2-9275-17f382d071e9/resourceGroups/N01605345_Rg/providers/Microsoft.Compute/virtualMachines/n01605345-vm-1/extensions/n01605345-vm-azuremonitor-1",
            "name": "n01605345-vm-azuremonitor-1",
            "protected_settings": null,
            "protected_settings_from_key_vault": [],
            "provision_after_extensions": null,
            "publisher": "Microsoft.Azure.Monitor",
            "settings": null,
            "tags": {
              "Assignment": "CCGC 5502 Automation Assignment",
              "Environment": "Learning",
              "ExpirationDate": "2024-12-31",
              "Name": "Balaudaykiran.Nerella"
            },
            "timeouts": null,
            "type": "AzureMonitorLinuxAgent",
            "type_handler_version": "1.0",
            "virtual_machine_id": "/subscriptions/ff585585-cedc-4bd2-9275-17f382d071e9/resourceGroups/N01605345_Rg/providers/Microsoft.Compute/virtualMachines/n01605345-vm-1"
          },
          "sensitive_attributes": [],
          "private": "eyJlMmJmYjczMC1lY2FhLTExZTYtOGY4OC0zNDM2M2JjN2M0YzAiOnsiY3JlYXRlIjoxODAwMDAwMDAwMDAwLCJkZWxldGUiOjE4MDAwMDAwMDAwMDAsInJlYWQiOjMwMDAwMDAwMDAwMCwidXBkYXRlIjoxODAwMDAwMDAwMDAwfX0=",
          "dependencies": [
            "module.common_N01605345.azurerm_storage_account.storage_account",
            "module.network_N01605345.azurerm_subnet.N01605345_subnet",
            "module.network_N01605345.azurerm_virtual_network.N01605345_vnet",
            "module.rgroup_N01605345.azurerm_resource_group.N01605345_Rg",
            "module.vmlinux_N01605345.azurerm_availability_set.linux_avs",
            "module.vmlinux_N01605345.azurerm_linux_virtual_machine.vmlinux",
            "module.vmlinux_N01605345.azurerm_network_interface.linux-nic",
            "module.vmlinux_N01605345.azurerm_public_ip.linux-pip"
          ]
        },
        {
          "index_key": "2",
          "schema_version": 0,
          "attributes": {
            "auto_upgrade_minor_version": true,
            "automatic_upgrade_enabled": false,
            "failure_suppression_enabled": false,
            "id": "/subscriptions/ff585585-cedc-4bd2-9275-17f382d071e9/resourceGroups/N01605345_Rg/providers/Microsoft.Compute/virtualMachines/n01605345-vm-2/extensions/n01605345-vm-azuremonitor-2",
            "name": "n01605345-vm-azuremonitor-2",
            "protected_settings": null,
            "protected_settings_from_key_vault": [],
            "provision_after_extensions": null,
            "publisher": "Microsoft.Azure.Monitor",
            "settings": null,
            "tags": {
              "Assignment": "CCGC 5502 Automation Assignment",
              "Environment": "Learning",
              "ExpirationDate": "2024-12-31",
              "Name": "Balaudaykiran.Nerella"
            },
            "timeouts": null,
            "type": "AzureMonitorLinuxAgent",
            "type_handler_version": "1.0",
            "virtual_machine_id": "/subscriptions/ff585585-cedc-4bd2-9275-17f382d071e9/resourceGroups/N01605345_Rg/providers/Microsoft.Compute/virtualMachines/n01605345-vm-2"
          },
          "sensitive_attributes": [],
          "private": "eyJlMmJmYjczMC1lY2FhLTExZTYtOGY4OC0zNDM2M2JjN2M0YzAiOnsiY3JlYXRlIjoxODAwMDAwMDAwMDAwLCJkZWxldGUiOjE4MDAwMDAwMDAwMDAsInJlYWQiOjMwMDAwMDAwMDAwMCwidXBkYXRlIjoxODAwMDAwMDAwMDAwfX0=",
          "dependencies": [
            "module.common_N01605345.azurerm_storage_account.storage_account",
            "module.network_N01605345.azurerm_subnet.N01605345_subnet",
            "module.network_N01605345.azurerm_virtual_network.N01605345_vnet",
            "module.rgroup_N01605345.azurerm_resource_group.N01605345_Rg",
            "module.vmlinux_N01605345.azurerm_availability_set.linux_avs",
            "module.vmlinux_N01605345.azurerm_linux_virtual_machine.vmlinux",
            "module.vmlinux_N01605345.azurerm_network_interface.linux-nic",
            "module.vmlinux_N01605345.azurerm_public_ip.linux-pip"
          ]
        },
        {
          "index_key": "3",
          "schema_version": 0,
          "attributes": {
            "auto_upgrade_minor_version": true,
            "automatic_upgrade_enabled": false,
            "failure_suppression_enabled": false,
            "id": "/subscriptions/ff585585-cedc-4bd2-9275-17f382d071e9/resourceGroups/N01605345_Rg/providers/Microsoft.Compute/virtualMachines/n01605345-vm-3/extensions/n01605345-vm-azuremonitor-3",
            "name": "n01605345-vm-azuremonitor-3",
            "protected_settings": null,
            "protected_settings_from_key_vault": [],
            "provision_after_extensions": null,
            "publisher": "Microsoft.Azure.Monitor",
            "settings": null,
            "tags": {
              "Assignment": "CCGC 5502 Automation Assignment",
              "Environment": "Learning",
              "ExpirationDate": "2024-12-31",
              "Name": "Balaudaykiran.Nerella"
            },
            "timeouts": null,
            "type": "AzureMonitorLinuxAgent",
            "type_handler_version": "1.0",
            "virtual_machine_id": "/subscriptions/ff585585-cedc-4bd2-9275-17f382d071e9/resourceGroups/N01605345_Rg/providers/Microsoft.Compute/virtualMachines/n01605345-vm-3"
          },
          "sensitive_attributes": [],
          "private": "eyJlMmJmYjczMC1lY2FhLTExZTYtOGY4OC0zNDM2M2JjN2M0YzAiOnsiY3JlYXRlIjoxODAwMDAwMDAwMDAwLCJkZWxldGUiOjE4MDAwMDAwMDAwMDAsInJlYWQiOjMwMDAwMDAwMDAwMCwidXBkYXRlIjoxODAwMDAwMDAwMDAwfX0=",
          "dependencies": [
            "module.common_N01605345.azurerm_storage_account.storage_account",
            "module.network_N01605345.azurerm_subnet.N01605345_subnet",
            "module.network_N01605345.azurerm_virtual_network.N01605345_vnet",
            "module.rgroup_N01605345.azurerm_resource_group.N01605345_Rg",
            "module.vmlinux_N01605345.azurerm_availability_set.linux_avs",
            "module.vmlinux_N01605345.azurerm_linux_virtual_machine.vmlinux",
            "module.vmlinux_N01605345.azurerm_network_interface.linux-nic",
            "module.vmlinux_N01605345.azurerm_public_ip.linux-pip"
          ]
        }
      ]
    },
    {
      "module": "module.vmlinux_N01605345",
      "mode": "managed",
      "type": "azurerm_virtual_machine_extension",
      "name": "network_watcher",
      "provider": "provider[\"registry.terraform.io/hashicorp/azurerm\"]",
      "instances": [
        {
          "index_key": "1",
          "schema_version": 0,
          "attributes": {
            "auto_upgrade_minor_version": true,
            "automatic_upgrade_enabled": false,
            "failure_suppression_enabled": false,
            "id": "/subscriptions/ff585585-cedc-4bd2-9275-17f382d071e9/resourceGroups/N01605345_Rg/providers/Microsoft.Compute/virtualMachines/n01605345-vm-1/extensions/n01605345-vm-network_watcher-1",
            "name": "n01605345-vm-network_watcher-1",
            "protected_settings": null,
            "protected_settings_from_key_vault": [],
            "provision_after_extensions": null,
            "publisher": "Microsoft.Azure.NetworkWatcher",
            "settings": null,
            "tags": {
              "Assignment": "CCGC 5502 Automation Assignment",
              "Environment": "Learning",
              "ExpirationDate": "2024-12-31",
              "Name": "Balaudaykiran.Nerella"
            },
            "timeouts": null,
            "type": "NetworkWatcherAgentLinux",
            "type_handler_version": "1.4",
            "virtual_machine_id": "/subscriptions/ff585585-cedc-4bd2-9275-17f382d071e9/resourceGroups/N01605345_Rg/providers/Microsoft.Compute/virtualMachines/n01605345-vm-1"
          },
          "sensitive_attributes": [],
          "private": "eyJlMmJmYjczMC1lY2FhLTExZTYtOGY4OC0zNDM2M2JjN2M0YzAiOnsiY3JlYXRlIjoxODAwMDAwMDAwMDAwLCJkZWxldGUiOjE4MDAwMDAwMDAwMDAsInJlYWQiOjMwMDAwMDAwMDAwMCwidXBkYXRlIjoxODAwMDAwMDAwMDAwfX0=",
          "dependencies": [
            "module.common_N01605345.azurerm_storage_account.storage_account",
            "module.network_N01605345.azurerm_subnet.N01605345_subnet",
            "module.network_N01605345.azurerm_virtual_network.N01605345_vnet",
            "module.rgroup_N01605345.azurerm_resource_group.N01605345_Rg",
            "module.vmlinux_N01605345.azurerm_availability_set.linux_avs",
            "module.vmlinux_N01605345.azurerm_linux_virtual_machine.vmlinux",
            "module.vmlinux_N01605345.azurerm_network_interface.linux-nic",
            "module.vmlinux_N01605345.azurerm_public_ip.linux-pip"
          ]
        },
        {
          "index_key": "2",
          "schema_version": 0,
          "attributes": {
            "auto_upgrade_minor_version": true,
            "automatic_upgrade_enabled": false,
            "failure_suppression_enabled": false,
            "id": "/subscriptions/ff585585-cedc-4bd2-9275-17f382d071e9/resourceGroups/N01605345_Rg/providers/Microsoft.Compute/virtualMachines/n01605345-vm-2/extensions/n01605345-vm-network_watcher-2",
            "name": "n01605345-vm-network_watcher-2",
            "protected_settings": null,
            "protected_settings_from_key_vault": [],
            "provision_after_extensions": null,
            "publisher": "Microsoft.Azure.NetworkWatcher",
            "settings": null,
            "tags": {
              "Assignment": "CCGC 5502 Automation Assignment",
              "Environment": "Learning",
              "ExpirationDate": "2024-12-31",
              "Name": "Balaudaykiran.Nerella"
            },
            "timeouts": null,
            "type": "NetworkWatcherAgentLinux",
            "type_handler_version": "1.4",
            "virtual_machine_id": "/subscriptions/ff585585-cedc-4bd2-9275-17f382d071e9/resourceGroups/N01605345_Rg/providers/Microsoft.Compute/virtualMachines/n01605345-vm-2"
          },
          "sensitive_attributes": [],
          "private": "eyJlMmJmYjczMC1lY2FhLTExZTYtOGY4OC0zNDM2M2JjN2M0YzAiOnsiY3JlYXRlIjoxODAwMDAwMDAwMDAwLCJkZWxldGUiOjE4MDAwMDAwMDAwMDAsInJlYWQiOjMwMDAwMDAwMDAwMCwidXBkYXRlIjoxODAwMDAwMDAwMDAwfX0=",
          "dependencies": [
            "module.common_N01605345.azurerm_storage_account.storage_account",
            "module.network_N01605345.azurerm_subnet.N01605345_subnet",
            "module.network_N01605345.azurerm_virtual_network.N01605345_vnet",
            "module.rgroup_N01605345.azurerm_resource_group.N01605345_Rg",
            "module.vmlinux_N01605345.azurerm_availability_set.linux_avs",
            "module.vmlinux_N01605345.azurerm_linux_virtual_machine.vmlinux",
            "module.vmlinux_N01605345.azurerm_network_interface.linux-nic",
            "module.vmlinux_N01605345.azurerm_public_ip.linux-pip"
          ]
        },
        {
          "index_key": "3",
          "schema_version": 0,
          "attributes": {
            "auto_upgrade_minor_version": true,
            "automatic_upgrade_enabled": false,
            "failure_suppression_enabled": false,
            "id": "/subscriptions/ff585585-cedc-4bd2-9275-17f382d071e9/resourceGroups/N01605345_Rg/providers/Microsoft.Compute/virtualMachines/n01605345-vm-3/extensions/n01605345-vm-network_watcher-3",
            "name": "n01605345-vm-network_watcher-3",
            "protected_settings": null,
            "protected_settings_from_key_vault": [],
            "provision_after_extensions": null,
            "publisher": "Microsoft.Azure.NetworkWatcher",
            "settings": null,
            "tags": {
              "Assignment": "CCGC 5502 Automation Assignment",
              "Environment": "Learning",
              "ExpirationDate": "2024-12-31",
              "Name": "Balaudaykiran.Nerella"
            },
            "timeouts": null,
            "type": "NetworkWatcherAgentLinux",
            "type_handler_version": "1.4",
            "virtual_machine_id": "/subscriptions/ff585585-cedc-4bd2-9275-17f382d071e9/resourceGroups/N01605345_Rg/providers/Microsoft.Compute/virtualMachines/n01605345-vm-3"
          },
          "sensitive_attributes": [],
          "private": "eyJlMmJmYjczMC1lY2FhLTExZTYtOGY4OC0zNDM2M2JjN2M0YzAiOnsiY3JlYXRlIjoxODAwMDAwMDAwMDAwLCJkZWxldGUiOjE4MDAwMDAwMDAwMDAsInJlYWQiOjMwMDAwMDAwMDAwMCwidXBkYXRlIjoxODAwMDAwMDAwMDAwfX0=",
          "dependencies": [
            "module.common_N01605345.azurerm_storage_account.storage_account",
            "module.network_N01605345.azurerm_subnet.N01605345_subnet",
            "module.network_N01605345.azurerm_virtual_network.N01605345_vnet",
            "module.rgroup_N01605345.azurerm_resource_group.N01605345_Rg",
            "module.vmlinux_N01605345.azurerm_availability_set.linux_avs",
            "module.vmlinux_N01605345.azurerm_linux_virtual_machine.vmlinux",
            "module.vmlinux_N01605345.azurerm_network_interface.linux-nic",
            "module.vmlinux_N01605345.azurerm_public_ip.linux-pip"
          ]
        }
      ]
    },
    {
      "module": "module.vmlinux_N01605345",
      "mode": "managed",
      "type": "null_resource",
      "name": "vmlinux-provisioner-linux",
      "provider": "provider[\"registry.terraform.io/hashicorp/null\"]",
      "instances": [
        {
          "index_key": "1",
          "schema_version": 0,
          "attributes": {
            "id": "5527342082929290603",
            "triggers": null
          },
          "sensitive_attributes": [],
          "dependencies": [
            "module.common_N01605345.azurerm_storage_account.storage_account",
            "module.network_N01605345.azurerm_subnet.N01605345_subnet",
            "module.network_N01605345.azurerm_virtual_network.N01605345_vnet",
            "module.rgroup_N01605345.azurerm_resource_group.N01605345_Rg",
            "module.vmlinux_N01605345.azurerm_availability_set.linux_avs",
            "module.vmlinux_N01605345.azurerm_linux_virtual_machine.vmlinux",
            "module.vmlinux_N01605345.azurerm_network_interface.linux-nic",
            "module.vmlinux_N01605345.azurerm_public_ip.linux-pip"
          ]
        },
        {
          "index_key": "2",
          "schema_version": 0,
          "attributes": {
            "id": "4684950385539493033",
            "triggers": null
          },
          "sensitive_attributes": [],
          "dependencies": [
            "module.common_N01605345.azurerm_storage_account.storage_account",
            "module.network_N01605345.azurerm_subnet.N01605345_subnet",
            "module.network_N01605345.azurerm_virtual_network.N01605345_vnet",
            "module.rgroup_N01605345.azurerm_resource_group.N01605345_Rg",
            "module.vmlinux_N01605345.azurerm_availability_set.linux_avs",
            "module.vmlinux_N01605345.azurerm_linux_virtual_machine.vmlinux",
            "module.vmlinux_N01605345.azurerm_network_interface.linux-nic",
            "module.vmlinux_N01605345.azurerm_public_ip.linux-pip"
          ]
        },
        {
          "index_key": "3",
          "schema_version": 0,
          "attributes": {
            "id": "1064608540935522581",
            "triggers": null
          },
          "sensitive_attributes": [],
          "dependencies": [
            "module.common_N01605345.azurerm_storage_account.storage_account",
            "module.network_N01605345.azurerm_subnet.N01605345_subnet",
            "module.network_N01605345.azurerm_virtual_network.N01605345_vnet",
            "module.rgroup_N01605345.azurerm_resource_group.N01605345_Rg",
            "module.vmlinux_N01605345.azurerm_availability_set.linux_avs",
            "module.vmlinux_N01605345.azurerm_linux_virtual_machine.vmlinux",
            "module.vmlinux_N01605345.azurerm_network_interface.linux-nic",
            "module.vmlinux_N01605345.azurerm_public_ip.linux-pip"
          ]
        }
      ]
    },
    {
      "module": "module.vmwindows_N01605345",
      "mode": "managed",
      "type": "azurerm_availability_set",
      "name": "windows_avs",
      "provider": "provider[\"registry.terraform.io/hashicorp/azurerm\"]",
      "instances": [
        {
          "schema_version": 0,
          "attributes": {
            "id": "/subscriptions/ff585585-cedc-4bd2-9275-17f382d071e9/resourceGroups/N01605345_Rg/providers/Microsoft.Compute/availabilitySets/5345-windows-avs",
            "location": "ukwest",
            "managed": true,
            "name": "5345-windows-avs",
            "platform_fault_domain_count": 2,
            "platform_update_domain_count": 5,
            "proximity_placement_group_id": null,
            "resource_group_name": "N01605345_Rg",
            "tags": {
              "Assignment": "CCGC 5502 Automation Assignment",
              "Environment": "Learning",
              "ExpirationDate": "2024-12-31",
              "Name": "Balaudaykiran.Nerella"
            },
            "timeouts": null
          },
          "sensitive_attributes": [],
          "private": "eyJlMmJmYjczMC1lY2FhLTExZTYtOGY4OC0zNDM2M2JjN2M0YzAiOnsiY3JlYXRlIjoxODAwMDAwMDAwMDAwLCJkZWxldGUiOjE4MDAwMDAwMDAwMDAsInJlYWQiOjMwMDAwMDAwMDAwMCwidXBkYXRlIjoxODAwMDAwMDAwMDAwfX0=",
          "dependencies": [
            "module.rgroup_N01605345.azurerm_resource_group.N01605345_Rg"
          ]
        }
      ]
    },
    {
      "module": "module.vmwindows_N01605345",
      "mode": "managed",
      "type": "azurerm_network_interface",
      "name": "windows-nic",
      "provider": "provider[\"registry.terraform.io/hashicorp/azurerm\"]",
      "instances": [
        {
          "index_key": 0,
          "schema_version": 0,
          "attributes": {
            "applied_dns_servers": [],
            "auxiliary_mode": "",
            "auxiliary_sku": "",
            "dns_servers": [],
            "edge_zone": "",
            "enable_accelerated_networking": false,
            "enable_ip_forwarding": false,
            "id": "/subscriptions/ff585585-cedc-4bd2-9275-17f382d071e9/resourceGroups/N01605345_Rg/providers/Microsoft.Network/networkInterfaces/5345-windows-nic-1",
            "internal_dns_name_label": "",
            "internal_domain_name_suffix": "ryeizgswzpdexjdganmscnlmah.cwx.internal.cloudapp.net",
            "ip_configuration": [
              {
                "gateway_load_balancer_frontend_ip_configuration_id": "",
                "name": "5345-windows-ipconfig-1",
                "primary": true,
                "private_ip_address": "10.0.0.6",
                "private_ip_address_allocation": "Dynamic",
                "private_ip_address_version": "IPv4",
                "public_ip_address_id": "/subscriptions/ff585585-cedc-4bd2-9275-17f382d071e9/resourceGroups/N01605345_Rg/providers/Microsoft.Network/publicIPAddresses/5345-windows-pip-1",
                "subnet_id": "/subscriptions/ff585585-cedc-4bd2-9275-17f382d071e9/resourceGroups/N01605345_Rg/providers/Microsoft.Network/virtualNetworks/N01605345_vnet/subnets/N01605345_subnet"
              }
            ],
            "location": "ukwest",
            "mac_address": "",
            "name": "5345-windows-nic-1",
            "private_ip_address": "10.0.0.6",
            "private_ip_addresses": [
              "10.0.0.6"
            ],
            "resource_group_name": "N01605345_Rg",
            "tags": {
              "Assignment": "CCGC 5502 Automation Assignment",
              "Environment": "Learning",
              "ExpirationDate": "2024-12-31",
              "Name": "Balaudaykiran.Nerella"
            },
            "timeouts": null,
            "virtual_machine_id": ""
          },
          "sensitive_attributes": [],
          "private": "eyJlMmJmYjczMC1lY2FhLTExZTYtOGY4OC0zNDM2M2JjN2M0YzAiOnsiY3JlYXRlIjoxODAwMDAwMDAwMDAwLCJkZWxldGUiOjE4MDAwMDAwMDAwMDAsInJlYWQiOjMwMDAwMDAwMDAwMCwidXBkYXRlIjoxODAwMDAwMDAwMDAwfX0=",
          "dependencies": [
            "module.network_N01605345.azurerm_subnet.N01605345_subnet",
            "module.network_N01605345.azurerm_virtual_network.N01605345_vnet",
            "module.rgroup_N01605345.azurerm_resource_group.N01605345_Rg",
            "module.vmwindows_N01605345.azurerm_public_ip.windows-pip"
          ]
        }
      ]
    },
    {
      "module": "module.vmwindows_N01605345",
      "mode": "managed",
      "type": "azurerm_public_ip",
      "name": "windows-pip",
      "provider": "provider[\"registry.terraform.io/hashicorp/azurerm\"]",
      "instances": [
        {
          "index_key": 0,
          "schema_version": 0,
          "attributes": {
            "allocation_method": "Dynamic",
            "ddos_protection_mode": "VirtualNetworkInherited",
            "ddos_protection_plan_id": null,
            "domain_name_label": "dev-myapp-24-dn-1",
            "edge_zone": "",
            "fqdn": "dev-myapp-24-dn-1.ukwest.cloudapp.azure.com",
            "id": "/subscriptions/ff585585-cedc-4bd2-9275-17f382d071e9/resourceGroups/N01605345_Rg/providers/Microsoft.Network/publicIPAddresses/5345-windows-pip-1",
            "idle_timeout_in_minutes": 4,
            "ip_address": "",
            "ip_tags": null,
            "ip_version": "IPv4",
            "location": "ukwest",
            "name": "5345-windows-pip-1",
            "public_ip_prefix_id": null,
            "resource_group_name": "N01605345_Rg",
            "reverse_fqdn": "",
            "sku": "Basic",
            "sku_tier": "Regional",
            "tags": {
              "Assignment": "CCGC 5502 Automation Assignment",
              "Environment": "Learning",
              "ExpirationDate": "2024-12-31",
              "Name": "Balaudaykiran.Nerella"
            },
            "timeouts": null,
            "zones": null
          },
          "sensitive_attributes": [],
          "private": "eyJlMmJmYjczMC1lY2FhLTExZTYtOGY4OC0zNDM2M2JjN2M0YzAiOnsiY3JlYXRlIjoxODAwMDAwMDAwMDAwLCJkZWxldGUiOjE4MDAwMDAwMDAwMDAsInJlYWQiOjMwMDAwMDAwMDAwMCwidXBkYXRlIjoxODAwMDAwMDAwMDAwfX0=",
          "dependencies": [
            "module.rgroup_N01605345.azurerm_resource_group.N01605345_Rg"
          ]
        }
      ]
    },
    {
      "module": "module.vmwindows_N01605345",
      "mode": "managed",
      "type": "azurerm_windows_virtual_machine",
      "name": "windows-VM",
      "provider": "provider[\"registry.terraform.io/hashicorp/azurerm\"]",
      "instances": [
        {
          "index_key": 0,
          "schema_version": 0,
          "attributes": {
            "additional_capabilities": [],
            "additional_unattend_content": [],
            "admin_password": "Krishna@2110",
            "admin_username": "uday",
            "allow_extension_operations": true,
            "availability_set_id": "",
            "boot_diagnostics": [
              {
                "storage_account_uri": "https://storage5345.blob.core.windows.net/"
              }
            ],
            "bypass_platform_safety_checks_on_user_schedule_enabled": false,
            "capacity_reservation_group_id": "",
            "computer_name": "5345-windows1",
            "custom_data": null,
            "dedicated_host_group_id": "",
            "dedicated_host_id": "",
            "edge_zone": "",
            "enable_automatic_updates": true,
            "encryption_at_host_enabled": false,
            "eviction_policy": "",
            "extensions_time_budget": "PT1H30M",
            "gallery_application": [],
            "hotpatching_enabled": false,
            "id": "/subscriptions/ff585585-cedc-4bd2-9275-17f382d071e9/resourceGroups/N01605345_Rg/providers/Microsoft.Compute/virtualMachines/5345-windows1",
            "identity": [],
            "license_type": "",
            "location": "ukwest",
            "max_bid_price": -1,
            "name": "5345-windows1",
            "network_interface_ids": [
              "/subscriptions/ff585585-cedc-4bd2-9275-17f382d071e9/resourceGroups/N01605345_Rg/providers/Microsoft.Network/networkInterfaces/5345-windows-nic-1"
            ],
            "os_disk": [
              {
                "caching": "ReadWrite",
                "diff_disk_settings": [],
                "disk_encryption_set_id": "",
                "disk_size_gb": 127,
                "name": "5345-windows1",
                "secure_vm_disk_encryption_set_id": "",
                "security_encryption_type": "",
                "storage_account_type": "StandardSSD_LRS",
                "write_accelerator_enabled": false
              }
            ],
            "patch_assessment_mode": "ImageDefault",
            "patch_mode": "AutomaticByOS",
            "plan": [],
            "platform_fault_domain": -1,
            "priority": "Regular",
            "private_ip_address": "10.0.0.6",
            "private_ip_addresses": [
              "10.0.0.6"
            ],
            "provision_vm_agent": true,
            "proximity_placement_group_id": "",
            "public_ip_address": "20.162.102.142",
            "public_ip_addresses": [
              "20.162.102.142"
            ],
            "reboot_setting": "",
            "resource_group_name": "N01605345_Rg",
            "secret": [],
            "secure_boot_enabled": false,
            "size": "Standard_B1s",
            "source_image_id": "",
            "source_image_reference": [
              {
                "offer": "WindowsServer",
                "publisher": "MicrosoftWindowsServer",
                "sku": "2016-Datacenter",
                "version": "latest"
              }
            ],
            "tags": {
              "Assignment": "CCGC 5502 Automation Assignment",
              "Environment": "Learning",
              "ExpirationDate": "2024-12-31",
              "Name": "Balaudaykiran.Nerella"
            },
            "termination_notification": null,
            "timeouts": null,
            "timezone": "",
            "user_data": "",
            "virtual_machine_id": "6bc32bbd-f0ce-426f-bddc-63ced148ab01",
            "virtual_machine_scale_set_id": "",
            "vtpm_enabled": false,
            "winrm_listener": [
              {
                "certificate_url": "",
                "protocol": "Http"
              }
            ],
            "zone": ""
          },
          "sensitive_attributes": [],
          "private": "eyJlMmJmYjczMC1lY2FhLTExZTYtOGY4OC0zNDM2M2JjN2M0YzAiOnsiY3JlYXRlIjoyNzAwMDAwMDAwMDAwLCJkZWxldGUiOjI3MDAwMDAwMDAwMDAsInJlYWQiOjMwMDAwMDAwMDAwMCwidXBkYXRlIjoyNzAwMDAwMDAwMDAwfX0=",
          "dependencies": [
            "module.common_N01605345.azurerm_storage_account.storage_account",
            "module.network_N01605345.azurerm_subnet.N01605345_subnet",
            "module.network_N01605345.azurerm_virtual_network.N01605345_vnet",
            "module.rgroup_N01605345.azurerm_resource_group.N01605345_Rg",
            "module.vmwindows_N01605345.azurerm_network_interface.windows-nic",
            "module.vmwindows_N01605345.azurerm_public_ip.windows-pip"
          ]
        }
      ]
    }
  ],
  "check_results": null
}
